// !$*UTF8*$!
{
	archiveVersion = 1;
	classes = {
	};
	objectVersion = 46;
	objects = {

/* Begin PBXBuildFile section */
		4107211B07472069F8521C97 /* Pods_YoutubeApp.framework in Frameworks */ = {isa = PBXBuildFile; fileRef = 3F6CACAACEA1F7892C6351C0 /* Pods_YoutubeApp.framework */; };
		4E03E3921D47AD6E00872719 /* Background@3x.png in Resources */ = {isa = PBXBuildFile; fileRef = 4E03E3911D47AD6E00872719 /* Background@3x.png */; };
		4E0E90E91D9ADDE2000B24EF /* YoutubeAppUITests.swift in Sources */ = {isa = PBXBuildFile; fileRef = 4E0E90E81D9ADDE2000B24EF /* YoutubeAppUITests.swift */; };
		4E12E21D1D21A52300F44DB9 /* SignInViewController.swift in Sources */ = {isa = PBXBuildFile; fileRef = 4E12E21C1D21A52300F44DB9 /* SignInViewController.swift */; };
		4E1742D31DBB98E1009D7B7D /* Localizable.strings in Resources */ = {isa = PBXBuildFile; fileRef = 4E1742CD1DBB980A009D7B7D /* Localizable.strings */; };
		4E1742D51DBB9CCE009D7B7D /* Log In Button_DE.png in Resources */ = {isa = PBXBuildFile; fileRef = 4E1742D41DBB9CCE009D7B7D /* Log In Button_DE.png */; };
		4E1B38091CEF6FA200568FB9 /* Thumbnail.xib in Resources */ = {isa = PBXBuildFile; fileRef = 4E1B38081CEF6FA200568FB9 /* Thumbnail.xib */; };
		4E1B380B1CF0FA3400568FB9 /* ExampleOverlayView.swift in Sources */ = {isa = PBXBuildFile; fileRef = 4E1B380A1CF0FA3400568FB9 /* ExampleOverlayView.swift */; };
		4E1B380D1CF0FA8700568FB9 /* OverlayView.xib in Resources */ = {isa = PBXBuildFile; fileRef = 4E1B380C1CF0FA8700568FB9 /* OverlayView.xib */; };
		4E1C99CC1D3D12720009F799 /* TableSectionHeader.swift in Sources */ = {isa = PBXBuildFile; fileRef = 4E1C99CB1D3D12720009F799 /* TableSectionHeader.swift */; };
		4E1C99CE1D3D12C60009F799 /* TableSectionHeader.xib in Resources */ = {isa = PBXBuildFile; fileRef = 4E1C99CD1D3D12C60009F799 /* TableSectionHeader.xib */; };
		4E1E52201DC6005A00E9058B /* food-science.jpg in Resources */ = {isa = PBXBuildFile; fileRef = 4E1E521F1DC6005A00E9058B /* food-science.jpg */; };
		4E1E52221DC600E800E9058B /* fauna-and-flora.jpg in Resources */ = {isa = PBXBuildFile; fileRef = 4E1E52211DC600E800E9058B /* fauna-and-flora.jpg */; };
		4E1E52241DC6016E00E9058B /* inventions.jpg in Resources */ = {isa = PBXBuildFile; fileRef = 4E1E52231DC6016E00E9058B /* inventions.jpg */; };
		4E1E52261DC6021800E9058B /* energy-and-space.jpg in Resources */ = {isa = PBXBuildFile; fileRef = 4E1E52251DC6021800E9058B /* energy-and-space.jpg */; };
		4E27A83F1DC4EBED0007BAC6 /* CustomViewFlowLayout.swift in Sources */ = {isa = PBXBuildFile; fileRef = 4E27A83E1DC4EBED0007BAC6 /* CustomViewFlowLayout.swift */; };
		4E27A84A1DC4F2160007BAC6 /* action.jpg in Resources */ = {isa = PBXBuildFile; fileRef = 4E27A8401DC4F2160007BAC6 /* action.jpg */; };
		4E27A84B1DC4F2160007BAC6 /* animals.jpg in Resources */ = {isa = PBXBuildFile; fileRef = 4E27A8411DC4F2160007BAC6 /* animals.jpg */; };
		4E27A84C1DC4F2160007BAC6 /* comedy.jpg in Resources */ = {isa = PBXBuildFile; fileRef = 4E27A8421DC4F2160007BAC6 /* comedy.jpg */; };
		4E27A84D1DC4F2160007BAC6 /* film.jpg in Resources */ = {isa = PBXBuildFile; fileRef = 4E27A8431DC4F2160007BAC6 /* film.jpg */; };
		4E27A84E1DC4F2160007BAC6 /* gaming.jpg in Resources */ = {isa = PBXBuildFile; fileRef = 4E27A8441DC4F2160007BAC6 /* gaming.jpg */; };
		4E27A84F1DC4F2160007BAC6 /* music.jpg in Resources */ = {isa = PBXBuildFile; fileRef = 4E27A8451DC4F2160007BAC6 /* music.jpg */; };
		4E27A8501DC4F2160007BAC6 /* social.jpg in Resources */ = {isa = PBXBuildFile; fileRef = 4E27A8461DC4F2160007BAC6 /* social.jpg */; };
		4E27A8511DC4F2160007BAC6 /* sports.jpg in Resources */ = {isa = PBXBuildFile; fileRef = 4E27A8471DC4F2160007BAC6 /* sports.jpg */; };
		4E27A8521DC4F2160007BAC6 /* travel.jpg in Resources */ = {isa = PBXBuildFile; fileRef = 4E27A8481DC4F2160007BAC6 /* travel.jpg */; };
		4E27A8531DC4F2160007BAC6 /* vlogging.jpg in Resources */ = {isa = PBXBuildFile; fileRef = 4E27A8491DC4F2160007BAC6 /* vlogging.jpg */; };
		4E2999C81C6E613F00563520 /* InterestsViewController.swift in Sources */ = {isa = PBXBuildFile; fileRef = 4E2999C71C6E613F00563520 /* InterestsViewController.swift */; };
		4E2999CA1C6E650100563520 /* maths.jpg in Resources */ = {isa = PBXBuildFile; fileRef = 4E2999C91C6E650100563520 /* maths.jpg */; };
		4E322D581D7D971E00E5B1F6 /* settings-16.png in Resources */ = {isa = PBXBuildFile; fileRef = 4E322D571D7D971E00E5B1F6 /* settings-16.png */; };
		4E322D5A1D7D97A300E5B1F6 /* settings-24.png in Resources */ = {isa = PBXBuildFile; fileRef = 4E322D591D7D97A300E5B1F6 /* settings-24.png */; };
		4E322D5C1D7DC92200E5B1F6 /* LoadingViewController.swift in Sources */ = {isa = PBXBuildFile; fileRef = 4E322D5B1D7DC92200E5B1F6 /* LoadingViewController.swift */; };
		4E322D5E1D7DF36F00E5B1F6 /* EmptyView.swift in Sources */ = {isa = PBXBuildFile; fileRef = 4E322D5D1D7DF36F00E5B1F6 /* EmptyView.swift */; };
		4E322D601D7E1AD600E5B1F6 /* BasicPlaceholderView.swift in Sources */ = {isa = PBXBuildFile; fileRef = 4E322D5F1D7E1AD600E5B1F6 /* BasicPlaceholderView.swift */; };
		4E322D621D7E4DF800E5B1F6 /* ErrorView.swift in Sources */ = {isa = PBXBuildFile; fileRef = 4E322D611D7E4DF800E5B1F6 /* ErrorView.swift */; };
		4E322D661D7EE2FE00E5B1F6 /* SettingsViewController.swift in Sources */ = {isa = PBXBuildFile; fileRef = 4E322D651D7EE2FE00E5B1F6 /* SettingsViewController.swift */; };
		4E32F4881DDD1B7D00EE1C3B /* GoogleLogoRed.png in Resources */ = {isa = PBXBuildFile; fileRef = 4E32F4871DDD1B7D00EE1C3B /* GoogleLogoRed.png */; };
		4E49B15C1DC2523600EB6ED4 /* CustomWebView.swift in Sources */ = {isa = PBXBuildFile; fileRef = 4E49B15B1DC2523600EB6ED4 /* CustomWebView.swift */; };
		4E4A5D111DCBBD7300F4F78A /* bg_image.jpg in Resources */ = {isa = PBXBuildFile; fileRef = 4E4A5D101DCBBD7300F4F78A /* bg_image.jpg */; };
		4E4A5D151DCBC2FE00F4F78A /* GoogleLogoBlue.png in Resources */ = {isa = PBXBuildFile; fileRef = 4E4A5D141DCBC2FE00F4F78A /* GoogleLogoBlue.png */; };
		4E4A5D171DCBCAF200F4F78A /* bg_image_2.jpeg in Resources */ = {isa = PBXBuildFile; fileRef = 4E4A5D161DCBCAF200F4F78A /* bg_image_2.jpeg */; };
		4E4A5D191DCBCF5300F4F78A /* earth.jpg in Resources */ = {isa = PBXBuildFile; fileRef = 4E4A5D181DCBCF5300F4F78A /* earth.jpg */; };
		4E4A5D1F1DCD1B1600F4F78A /* InterestsNavBar@2x.png in Resources */ = {isa = PBXBuildFile; fileRef = 4E4A5D1D1DCD1B1600F4F78A /* InterestsNavBar@2x.png */; };
		4E4A5D211DCD1B5600F4F78A /* InterestsNavBar.png in Resources */ = {isa = PBXBuildFile; fileRef = 4E4A5D201DCD1B5600F4F78A /* InterestsNavBar.png */; };
		4E4A5D251DCFB3C800F4F78A /* NextButton.png in Resources */ = {isa = PBXBuildFile; fileRef = 4E4A5D241DCFB3C800F4F78A /* NextButton.png */; };
		4E4A5D271DD36AF400F4F78A /* Backgd.png in Resources */ = {isa = PBXBuildFile; fileRef = 4E4A5D261DD36AF400F4F78A /* Backgd.png */; };
		4E4A5D291DD36B2300F4F78A /* Backgnd.png in Resources */ = {isa = PBXBuildFile; fileRef = 4E4A5D281DD36B2300F4F78A /* Backgnd.png */; };
		4E4A5D2B1DD4CE9A00F4F78A /* StoreKit.framework in Frameworks */ = {isa = PBXBuildFile; fileRef = 4E4A5D2A1DD4CE9A00F4F78A /* StoreKit.framework */; };
		4E4A5D2D1DD4D1C700F4F78A /* UpgradeManager.swift in Sources */ = {isa = PBXBuildFile; fileRef = 4E4A5D2C1DD4D1C700F4F78A /* UpgradeManager.swift */; };
		4E4A5D2F1DD4D3FE00F4F78A /* UpgradeViewController.swift in Sources */ = {isa = PBXBuildFile; fileRef = 4E4A5D2E1DD4D3FE00F4F78A /* UpgradeViewController.swift */; };
		4E676A661D228900007158ED /* InterestView.swift in Sources */ = {isa = PBXBuildFile; fileRef = 4E676A651D228900007158ED /* InterestView.swift */; };
		4E6D8E051CECF95E00211D4B /* Thumbnail.swift in Sources */ = {isa = PBXBuildFile; fileRef = 4E6D8E041CECF95E00211D4B /* Thumbnail.swift */; };
		4E72B8571C58230B004592E7 /* AppDelegate.swift in Sources */ = {isa = PBXBuildFile; fileRef = 4E72B8561C58230B004592E7 /* AppDelegate.swift */; };
		4E72B8591C58230B004592E7 /* ViewController.swift in Sources */ = {isa = PBXBuildFile; fileRef = 4E72B8581C58230B004592E7 /* ViewController.swift */; };
		4E72B85C1C58230B004592E7 /* Main.storyboard in Resources */ = {isa = PBXBuildFile; fileRef = 4E72B85A1C58230B004592E7 /* Main.storyboard */; };
		4E72B85E1C58230B004592E7 /* Assets.xcassets in Resources */ = {isa = PBXBuildFile; fileRef = 4E72B85D1C58230B004592E7 /* Assets.xcassets */; };
		4E72B8611C58230B004592E7 /* LaunchScreen.storyboard in Resources */ = {isa = PBXBuildFile; fileRef = 4E72B85F1C58230B004592E7 /* LaunchScreen.storyboard */; };
		4E76B2AC1D55DF2C00223078 /* SavedVideosViewController.swift in Sources */ = {isa = PBXBuildFile; fileRef = 4E76B2AB1D55DF2C00223078 /* SavedVideosViewController.swift */; };
		4E7E22051DF1EEA500126D6F /* CustomNavigationAnimator.swift in Sources */ = {isa = PBXBuildFile; fileRef = 4E7E22041DF1EEA500126D6F /* CustomNavigationAnimator.swift */; };
		4E7E22071DF1F5B900126D6F /* CustomInteractionAnimator.swift in Sources */ = {isa = PBXBuildFile; fileRef = 4E7E22061DF1F5B900126D6F /* CustomInteractionAnimator.swift */; };
		4E856F4E1D4D403C00BED6D7 /* NavigationController.swift in Sources */ = {isa = PBXBuildFile; fileRef = 4E856F4D1D4D403C00BED6D7 /* NavigationController.swift */; };
		4E88FF601C6B97DC00736678 /* Video.swift in Sources */ = {isa = PBXBuildFile; fileRef = 4E88FF5F1C6B97DC00736678 /* Video.swift */; };
		4E88FF621C6B993400736678 /* VideoModel.swift in Sources */ = {isa = PBXBuildFile; fileRef = 4E88FF611C6B993400736678 /* VideoModel.swift */; };
		4E88FF641C6BDBF100736678 /* VideoDetailViewController.swift in Sources */ = {isa = PBXBuildFile; fileRef = 4E88FF631C6BDBF000736678 /* VideoDetailViewController.swift */; };
		4EA8084B1C7116BD009398D3 /* history.jpg in Resources */ = {isa = PBXBuildFile; fileRef = 4EA8084A1C7116BD009398D3 /* history.jpg */; };
		4EA8084D1C711785009398D3 /* physics.jpg in Resources */ = {isa = PBXBuildFile; fileRef = 4EA8084C1C711785009398D3 /* physics.jpg */; };
		4EA8084F1C711878009398D3 /* chemistry.jpg in Resources */ = {isa = PBXBuildFile; fileRef = 4EA8084E1C711878009398D3 /* chemistry.jpg */; };
		4EA808511C711D00009398D3 /* biology.jpg in Resources */ = {isa = PBXBuildFile; fileRef = 4EA808501C711D00009398D3 /* biology.jpg */; };
		4EA808531C711EF0009398D3 /* philosophy.jpg in Resources */ = {isa = PBXBuildFile; fileRef = 4EA808521C711EF0009398D3 /* philosophy.jpg */; };
		4EAF1C7B1D4CD3F7003F4B0D /* KeywordVC.swift in Sources */ = {isa = PBXBuildFile; fileRef = 4EAF1C7A1D4CD3F7003F4B0D /* KeywordVC.swift */; };
		4EB2DD5A1D92C30A00F020C1 /* YoutubeAppTests.swift in Sources */ = {isa = PBXBuildFile; fileRef = 4EB2DD591D92C30A00F020C1 /* YoutubeAppTests.swift */; };
		4EC1FB731D7F2115009D9F91 /* Icon.png in Resources */ = {isa = PBXBuildFile; fileRef = 4EC1FB721D7F2115009D9F91 /* Icon.png */; };
		4ECA0C571D842C0900E7EA88 /* BG-Image.png in Resources */ = {isa = PBXBuildFile; fileRef = 4ECA0C561D842C0900E7EA88 /* BG-Image.png */; };
		4ECA0C591D842D1E00E7EA88 /* Sign-In-Google.png in Resources */ = {isa = PBXBuildFile; fileRef = 4ECA0C581D842D1E00E7EA88 /* Sign-In-Google.png */; };
		4ECA0C5B1D842D9C00E7EA88 /* Log In Button.png in Resources */ = {isa = PBXBuildFile; fileRef = 4ECA0C5A1D842D9C00E7EA88 /* Log In Button.png */; };
		4ECA0C5D1D8431D700E7EA88 /* pwrdByYT-white.png in Resources */ = {isa = PBXBuildFile; fileRef = 4ECA0C5C1D8431D700E7EA88 /* pwrdByYT-white.png */; };
		4ECA0C611D8433EB00E7EA88 /* Log In Button Highlighted.png in Resources */ = {isa = PBXBuildFile; fileRef = 4ECA0C601D8433EB00E7EA88 /* Log In Button Highlighted.png */; };
		4ECA0C641D8434EA00E7EA88 /* SSCheckmark.m in Sources */ = {isa = PBXBuildFile; fileRef = 4ECA0C631D8434EA00E7EA88 /* SSCheckmark.m */; };
		4ECA0C671D858F6900E7EA88 /* InsetLabel.swift in Sources */ = {isa = PBXBuildFile; fileRef = 4ECA0C661D858F6900E7EA88 /* InsetLabel.swift */; };
		4ECA0C6B1D85D63600E7EA88 /* Security.framework in Frameworks */ = {isa = PBXBuildFile; fileRef = 4ECA0C6A1D85D63600E7EA88 /* Security.framework */; };
		4ECA0C6D1D85D65400E7EA88 /* SystemConfiguration.framework in Frameworks */ = {isa = PBXBuildFile; fileRef = 4ECA0C6C1D85D65400E7EA88 /* SystemConfiguration.framework */; };
		4ECA0C701D8836E900E7EA88 /* FBSDKCoreKit.framework in Frameworks */ = {isa = PBXBuildFile; fileRef = 4ECA0C6F1D8836E900E7EA88 /* FBSDKCoreKit.framework */; };
		4ECA0C721D8836F300E7EA88 /* FBSDKShareKit.framework in Frameworks */ = {isa = PBXBuildFile; fileRef = 4ECA0C711D8836F200E7EA88 /* FBSDKShareKit.framework */; };
		4ECA0C741D8836FD00E7EA88 /* FBSDKLoginKit.framework in Frameworks */ = {isa = PBXBuildFile; fileRef = 4ECA0C731D8836FD00E7EA88 /* FBSDKLoginKit.framework */; };
		4ECA0C761D883A4E00E7EA88 /* Bolts.framework in Frameworks */ = {isa = PBXBuildFile; fileRef = 4ECA0C751D883A4E00E7EA88 /* Bolts.framework */; };
		4EEC411A1C7B90BA0085FD59 /* SkillsViewController.swift in Sources */ = {isa = PBXBuildFile; fileRef = 4EEC41191C7B90BA0085FD59 /* SkillsViewController.swift */; };
		4EFAAE381DD8E87E000354C2 /* GradientView.swift in Sources */ = {isa = PBXBuildFile; fileRef = 4EFAAE371DD8E87E000354C2 /* GradientView.swift */; };
		4EFAAE3F1DD8F540000354C2 /* SkillsNavBar.png in Resources */ = {isa = PBXBuildFile; fileRef = 4EFAAE3D1DD8F540000354C2 /* SkillsNavBar.png */; };
		4EFAAE401DD8F540000354C2 /* SkillsNavBar@2x.png in Resources */ = {isa = PBXBuildFile; fileRef = 4EFAAE3E1DD8F540000354C2 /* SkillsNavBar@2x.png */; };
		4EFAAE431DD91851000354C2 /* DiscovrNavBar.png in Resources */ = {isa = PBXBuildFile; fileRef = 4EFAAE411DD91851000354C2 /* DiscovrNavBar.png */; };
		4EFAAE441DD91852000354C2 /* DiscovrNavBar@2x.png in Resources */ = {isa = PBXBuildFile; fileRef = 4EFAAE421DD91851000354C2 /* DiscovrNavBar@2x.png */; };
		4EFAAE801DDA1E7F000354C2 /* undo_btn.png in Resources */ = {isa = PBXBuildFile; fileRef = 4EFAAE7D1DDA1E7F000354C2 /* undo_btn.png */; };
		4EFAAE811DDA1E7F000354C2 /* undo_btn@2x.png in Resources */ = {isa = PBXBuildFile; fileRef = 4EFAAE7E1DDA1E7F000354C2 /* undo_btn@2x.png */; };
		4EFAAE821DDA1E7F000354C2 /* undo_btn@3x.png in Resources */ = {isa = PBXBuildFile; fileRef = 4EFAAE7F1DDA1E7F000354C2 /* undo_btn@3x.png */; };
		4EFAAE851DDA1EA4000354C2 /* btn_like_2@2x.png in Resources */ = {isa = PBXBuildFile; fileRef = 4EFAAE831DDA1EA4000354C2 /* btn_like_2@2x.png */; };
		4EFAAE861DDA1EA4000354C2 /* btn_like_2@3x.png in Resources */ = {isa = PBXBuildFile; fileRef = 4EFAAE841DDA1EA4000354C2 /* btn_like_2@3x.png */; };
		4EFAAE881DDA1EB1000354C2 /* btn_like_2.png in Resources */ = {isa = PBXBuildFile; fileRef = 4EFAAE871DDA1EB1000354C2 /* btn_like_2.png */; };
		4EFAAE8B1DDA1EBF000354C2 /* btn_skip_2@2x.png in Resources */ = {isa = PBXBuildFile; fileRef = 4EFAAE891DDA1EBF000354C2 /* btn_skip_2@2x.png */; };
		4EFAAE8C1DDA1EBF000354C2 /* btn_skip_2@3x.png in Resources */ = {isa = PBXBuildFile; fileRef = 4EFAAE8A1DDA1EBF000354C2 /* btn_skip_2@3x.png */; };
		4EFAAE8E1DDA1ECA000354C2 /* btn_skip_2.png in Resources */ = {isa = PBXBuildFile; fileRef = 4EFAAE8D1DDA1ECA000354C2 /* btn_skip_2.png */; };
		4EFE25EF1C7377A7009E44CD /* geography.jpg in Resources */ = {isa = PBXBuildFile; fileRef = 4EFE25EE1C7377A7009E44CD /* geography.jpg */; };
		4EFE25F11C737B4A009E44CD /* technology.jpg in Resources */ = {isa = PBXBuildFile; fileRef = 4EFE25F01C737B4A009E44CD /* technology.jpg */; };
		A6C489F5661433858ACB2C84 /* Pods_YoutubeAppTests.framework in Frameworks */ = {isa = PBXBuildFile; fileRef = 8F02C9EEE558E92E84D6384D /* Pods_YoutubeAppTests.framework */; };
/* End PBXBuildFile section */

/* Begin PBXContainerItemProxy section */
		4E0E90EB1D9ADDE2000B24EF /* PBXContainerItemProxy */ = {
			isa = PBXContainerItemProxy;
			containerPortal = 4E72B84B1C58230A004592E7 /* Project object */;
			proxyType = 1;
			remoteGlobalIDString = 4E72B8521C58230A004592E7;
			remoteInfo = YoutubeApp;
		};
		4EB2DD5C1D92C30A00F020C1 /* PBXContainerItemProxy */ = {
			isa = PBXContainerItemProxy;
			containerPortal = 4E72B84B1C58230A004592E7 /* Project object */;
			proxyType = 1;
			remoteGlobalIDString = 4E72B8521C58230A004592E7;
			remoteInfo = YoutubeApp;
		};
/* End PBXContainerItemProxy section */

/* Begin PBXFileReference section */
		110906C6BF1B24CFE64C2637 /* Pods-YoutubeApp.release.xcconfig */ = {isa = PBXFileReference; includeInIndex = 1; lastKnownFileType = text.xcconfig; name = "Pods-YoutubeApp.release.xcconfig"; path = "Pods/Target Support Files/Pods-YoutubeApp/Pods-YoutubeApp.release.xcconfig"; sourceTree = "<group>"; };
		3F6CACAACEA1F7892C6351C0 /* Pods_YoutubeApp.framework */ = {isa = PBXFileReference; explicitFileType = wrapper.framework; includeInIndex = 0; path = Pods_YoutubeApp.framework; sourceTree = BUILT_PRODUCTS_DIR; };
		42C881016821534CDDFED871 /* Pods-YoutubeAppTests.release.xcconfig */ = {isa = PBXFileReference; includeInIndex = 1; lastKnownFileType = text.xcconfig; name = "Pods-YoutubeAppTests.release.xcconfig"; path = "Pods/Target Support Files/Pods-YoutubeAppTests/Pods-YoutubeAppTests.release.xcconfig"; sourceTree = "<group>"; };
		4E03E3911D47AD6E00872719 /* Background@3x.png */ = {isa = PBXFileReference; lastKnownFileType = image.png; path = "Background@3x.png"; sourceTree = "<group>"; };
		4E0E90E61D9ADDE2000B24EF /* YoutubeAppUITests.xctest */ = {isa = PBXFileReference; explicitFileType = wrapper.cfbundle; includeInIndex = 0; path = YoutubeAppUITests.xctest; sourceTree = BUILT_PRODUCTS_DIR; };
		4E0E90E81D9ADDE2000B24EF /* YoutubeAppUITests.swift */ = {isa = PBXFileReference; lastKnownFileType = sourcecode.swift; path = YoutubeAppUITests.swift; sourceTree = "<group>"; };
		4E0E90EA1D9ADDE2000B24EF /* Info.plist */ = {isa = PBXFileReference; lastKnownFileType = text.plist.xml; path = Info.plist; sourceTree = "<group>"; };
		4E12E21C1D21A52300F44DB9 /* SignInViewController.swift */ = {isa = PBXFileReference; fileEncoding = 4; lastKnownFileType = sourcecode.swift; path = SignInViewController.swift; sourceTree = "<group>"; };
		4E1742CE1DBB980A009D7B7D /* de */ = {isa = PBXFileReference; lastKnownFileType = text.plist.strings; name = de; path = YoutubeApp/de.lproj/Localizable.strings; sourceTree = "<group>"; };
		4E1742D41DBB9CCE009D7B7D /* Log In Button_DE.png */ = {isa = PBXFileReference; lastKnownFileType = image.png; path = "Log In Button_DE.png"; sourceTree = "<group>"; };
		4E1742D61DBED202009D7B7D /* en */ = {isa = PBXFileReference; lastKnownFileType = text.plist.strings; name = en; path = YoutubeApp/en.lproj/Localizable.strings; sourceTree = "<group>"; };
		4E1B38081CEF6FA200568FB9 /* Thumbnail.xib */ = {isa = PBXFileReference; fileEncoding = 4; lastKnownFileType = file.xib; path = Thumbnail.xib; sourceTree = "<group>"; };
		4E1B380A1CF0FA3400568FB9 /* ExampleOverlayView.swift */ = {isa = PBXFileReference; fileEncoding = 4; lastKnownFileType = sourcecode.swift; path = ExampleOverlayView.swift; sourceTree = "<group>"; };
		4E1B380C1CF0FA8700568FB9 /* OverlayView.xib */ = {isa = PBXFileReference; fileEncoding = 4; lastKnownFileType = file.xib; path = OverlayView.xib; sourceTree = "<group>"; };
		4E1C99CB1D3D12720009F799 /* TableSectionHeader.swift */ = {isa = PBXFileReference; fileEncoding = 4; lastKnownFileType = sourcecode.swift; path = TableSectionHeader.swift; sourceTree = "<group>"; };
		4E1C99CD1D3D12C60009F799 /* TableSectionHeader.xib */ = {isa = PBXFileReference; fileEncoding = 4; lastKnownFileType = file.xib; path = TableSectionHeader.xib; sourceTree = "<group>"; };
		4E1E521F1DC6005A00E9058B /* food-science.jpg */ = {isa = PBXFileReference; lastKnownFileType = image.jpeg; path = "food-science.jpg"; sourceTree = "<group>"; };
		4E1E52211DC600E800E9058B /* fauna-and-flora.jpg */ = {isa = PBXFileReference; lastKnownFileType = image.jpeg; path = "fauna-and-flora.jpg"; sourceTree = "<group>"; };
		4E1E52231DC6016E00E9058B /* inventions.jpg */ = {isa = PBXFileReference; lastKnownFileType = image.jpeg; path = inventions.jpg; sourceTree = "<group>"; };
		4E1E52251DC6021800E9058B /* energy-and-space.jpg */ = {isa = PBXFileReference; lastKnownFileType = image.jpeg; path = "energy-and-space.jpg"; sourceTree = "<group>"; };
		4E27A83E1DC4EBED0007BAC6 /* CustomViewFlowLayout.swift */ = {isa = PBXFileReference; fileEncoding = 4; lastKnownFileType = sourcecode.swift; path = CustomViewFlowLayout.swift; sourceTree = "<group>"; };
		4E27A8401DC4F2160007BAC6 /* action.jpg */ = {isa = PBXFileReference; lastKnownFileType = image.jpeg; path = action.jpg; sourceTree = "<group>"; };
		4E27A8411DC4F2160007BAC6 /* animals.jpg */ = {isa = PBXFileReference; lastKnownFileType = image.jpeg; path = animals.jpg; sourceTree = "<group>"; };
		4E27A8421DC4F2160007BAC6 /* comedy.jpg */ = {isa = PBXFileReference; lastKnownFileType = image.jpeg; path = comedy.jpg; sourceTree = "<group>"; };
		4E27A8431DC4F2160007BAC6 /* film.jpg */ = {isa = PBXFileReference; lastKnownFileType = image.jpeg; path = film.jpg; sourceTree = "<group>"; };
		4E27A8441DC4F2160007BAC6 /* gaming.jpg */ = {isa = PBXFileReference; lastKnownFileType = image.jpeg; path = gaming.jpg; sourceTree = "<group>"; };
		4E27A8451DC4F2160007BAC6 /* music.jpg */ = {isa = PBXFileReference; lastKnownFileType = image.jpeg; path = music.jpg; sourceTree = "<group>"; };
		4E27A8461DC4F2160007BAC6 /* social.jpg */ = {isa = PBXFileReference; lastKnownFileType = image.jpeg; path = social.jpg; sourceTree = "<group>"; };
		4E27A8471DC4F2160007BAC6 /* sports.jpg */ = {isa = PBXFileReference; lastKnownFileType = image.jpeg; path = sports.jpg; sourceTree = "<group>"; };
		4E27A8481DC4F2160007BAC6 /* travel.jpg */ = {isa = PBXFileReference; lastKnownFileType = image.jpeg; path = travel.jpg; sourceTree = "<group>"; };
		4E27A8491DC4F2160007BAC6 /* vlogging.jpg */ = {isa = PBXFileReference; lastKnownFileType = image.jpeg; path = vlogging.jpg; sourceTree = "<group>"; };
		4E2999C71C6E613F00563520 /* InterestsViewController.swift */ = {isa = PBXFileReference; fileEncoding = 4; lastKnownFileType = sourcecode.swift; path = InterestsViewController.swift; sourceTree = "<group>"; };
		4E2999C91C6E650100563520 /* maths.jpg */ = {isa = PBXFileReference; lastKnownFileType = image.jpeg; path = maths.jpg; sourceTree = "<group>"; };
		4E322D571D7D971E00E5B1F6 /* settings-16.png */ = {isa = PBXFileReference; lastKnownFileType = image.png; path = "settings-16.png"; sourceTree = "<group>"; };
		4E322D591D7D97A300E5B1F6 /* settings-24.png */ = {isa = PBXFileReference; lastKnownFileType = image.png; path = "settings-24.png"; sourceTree = "<group>"; };
		4E322D5B1D7DC92200E5B1F6 /* LoadingViewController.swift */ = {isa = PBXFileReference; fileEncoding = 4; lastKnownFileType = sourcecode.swift; path = LoadingViewController.swift; sourceTree = "<group>"; };
		4E322D5D1D7DF36F00E5B1F6 /* EmptyView.swift */ = {isa = PBXFileReference; fileEncoding = 4; lastKnownFileType = sourcecode.swift; path = EmptyView.swift; sourceTree = "<group>"; };
		4E322D5F1D7E1AD600E5B1F6 /* BasicPlaceholderView.swift */ = {isa = PBXFileReference; fileEncoding = 4; lastKnownFileType = sourcecode.swift; path = BasicPlaceholderView.swift; sourceTree = "<group>"; };
		4E322D611D7E4DF800E5B1F6 /* ErrorView.swift */ = {isa = PBXFileReference; fileEncoding = 4; lastKnownFileType = sourcecode.swift; path = ErrorView.swift; sourceTree = "<group>"; };
		4E322D651D7EE2FE00E5B1F6 /* SettingsViewController.swift */ = {isa = PBXFileReference; fileEncoding = 4; lastKnownFileType = sourcecode.swift; path = SettingsViewController.swift; sourceTree = "<group>"; };
		4E32F4871DDD1B7D00EE1C3B /* GoogleLogoRed.png */ = {isa = PBXFileReference; lastKnownFileType = image.png; path = GoogleLogoRed.png; sourceTree = "<group>"; };
		4E49B15B1DC2523600EB6ED4 /* CustomWebView.swift */ = {isa = PBXFileReference; fileEncoding = 4; lastKnownFileType = sourcecode.swift; path = CustomWebView.swift; sourceTree = "<group>"; };
		4E4A5D101DCBBD7300F4F78A /* bg_image.jpg */ = {isa = PBXFileReference; lastKnownFileType = image.jpeg; path = bg_image.jpg; sourceTree = "<group>"; };
		4E4A5D141DCBC2FE00F4F78A /* GoogleLogoBlue.png */ = {isa = PBXFileReference; lastKnownFileType = image.png; path = GoogleLogoBlue.png; sourceTree = "<group>"; };
		4E4A5D161DCBCAF200F4F78A /* bg_image_2.jpeg */ = {isa = PBXFileReference; lastKnownFileType = image.jpeg; path = bg_image_2.jpeg; sourceTree = "<group>"; };
		4E4A5D181DCBCF5300F4F78A /* earth.jpg */ = {isa = PBXFileReference; lastKnownFileType = image.jpeg; path = earth.jpg; sourceTree = "<group>"; };
		4E4A5D1D1DCD1B1600F4F78A /* InterestsNavBar@2x.png */ = {isa = PBXFileReference; lastKnownFileType = image.png; path = "InterestsNavBar@2x.png"; sourceTree = "<group>"; };
		4E4A5D201DCD1B5600F4F78A /* InterestsNavBar.png */ = {isa = PBXFileReference; lastKnownFileType = image.png; path = InterestsNavBar.png; sourceTree = "<group>"; };
		4E4A5D241DCFB3C800F4F78A /* NextButton.png */ = {isa = PBXFileReference; lastKnownFileType = image.png; path = NextButton.png; sourceTree = "<group>"; };
		4E4A5D261DD36AF400F4F78A /* Backgd.png */ = {isa = PBXFileReference; lastKnownFileType = image.png; path = Backgd.png; sourceTree = "<group>"; };
		4E4A5D281DD36B2300F4F78A /* Backgnd.png */ = {isa = PBXFileReference; lastKnownFileType = image.png; path = Backgnd.png; sourceTree = "<group>"; };
		4E4A5D2A1DD4CE9A00F4F78A /* StoreKit.framework */ = {isa = PBXFileReference; lastKnownFileType = wrapper.framework; name = StoreKit.framework; path = System/Library/Frameworks/StoreKit.framework; sourceTree = SDKROOT; };
		4E4A5D2C1DD4D1C700F4F78A /* UpgradeManager.swift */ = {isa = PBXFileReference; fileEncoding = 4; lastKnownFileType = sourcecode.swift; path = UpgradeManager.swift; sourceTree = "<group>"; };
		4E4A5D2E1DD4D3FE00F4F78A /* UpgradeViewController.swift */ = {isa = PBXFileReference; fileEncoding = 4; lastKnownFileType = sourcecode.swift; path = UpgradeViewController.swift; sourceTree = "<group>"; };
		4E676A651D228900007158ED /* InterestView.swift */ = {isa = PBXFileReference; fileEncoding = 4; lastKnownFileType = sourcecode.swift; path = InterestView.swift; sourceTree = "<group>"; };
		4E6C86FA1DBA79A300F96F64 /* de */ = {isa = PBXFileReference; lastKnownFileType = text.plist.strings; name = de; path = de.lproj/Main.strings; sourceTree = "<group>"; };
		4E6C86FB1DBA79A400F96F64 /* de */ = {isa = PBXFileReference; lastKnownFileType = text.plist.strings; name = de; path = de.lproj/LaunchScreen.strings; sourceTree = "<group>"; };
		4E6D8E041CECF95E00211D4B /* Thumbnail.swift */ = {isa = PBXFileReference; fileEncoding = 4; lastKnownFileType = sourcecode.swift; path = Thumbnail.swift; sourceTree = "<group>"; };
		4E72B8531C58230B004592E7 /* YoutubeApp.app */ = {isa = PBXFileReference; explicitFileType = wrapper.application; includeInIndex = 0; path = YoutubeApp.app; sourceTree = BUILT_PRODUCTS_DIR; };
		4E72B8561C58230B004592E7 /* AppDelegate.swift */ = {isa = PBXFileReference; lastKnownFileType = sourcecode.swift; path = AppDelegate.swift; sourceTree = "<group>"; };
		4E72B8581C58230B004592E7 /* ViewController.swift */ = {isa = PBXFileReference; lastKnownFileType = sourcecode.swift; path = ViewController.swift; sourceTree = "<group>"; };
		4E72B85B1C58230B004592E7 /* Base */ = {isa = PBXFileReference; lastKnownFileType = file.storyboard; name = Base; path = Base.lproj/Main.storyboard; sourceTree = "<group>"; };
		4E72B85D1C58230B004592E7 /* Assets.xcassets */ = {isa = PBXFileReference; lastKnownFileType = folder.assetcatalog; path = Assets.xcassets; sourceTree = "<group>"; };
		4E72B8601C58230B004592E7 /* Base */ = {isa = PBXFileReference; lastKnownFileType = file.storyboard; name = Base; path = Base.lproj/LaunchScreen.storyboard; sourceTree = "<group>"; };
		4E72B8621C58230B004592E7 /* Info.plist */ = {isa = PBXFileReference; lastKnownFileType = text.plist.xml; path = Info.plist; sourceTree = "<group>"; };
		4E76B2AB1D55DF2C00223078 /* SavedVideosViewController.swift */ = {isa = PBXFileReference; fileEncoding = 4; lastKnownFileType = sourcecode.swift; path = SavedVideosViewController.swift; sourceTree = "<group>"; wrapsLines = 0; };
		4E7E22041DF1EEA500126D6F /* CustomNavigationAnimator.swift */ = {isa = PBXFileReference; fileEncoding = 4; lastKnownFileType = sourcecode.swift; path = CustomNavigationAnimator.swift; sourceTree = "<group>"; };
		4E7E22061DF1F5B900126D6F /* CustomInteractionAnimator.swift */ = {isa = PBXFileReference; fileEncoding = 4; lastKnownFileType = sourcecode.swift; path = CustomInteractionAnimator.swift; sourceTree = "<group>"; };
		4E856F4D1D4D403C00BED6D7 /* NavigationController.swift */ = {isa = PBXFileReference; fileEncoding = 4; lastKnownFileType = sourcecode.swift; path = NavigationController.swift; sourceTree = "<group>"; };
		4E88FF5F1C6B97DC00736678 /* Video.swift */ = {isa = PBXFileReference; fileEncoding = 4; lastKnownFileType = sourcecode.swift; path = Video.swift; sourceTree = "<group>"; };
		4E88FF611C6B993400736678 /* VideoModel.swift */ = {isa = PBXFileReference; fileEncoding = 4; lastKnownFileType = sourcecode.swift; path = VideoModel.swift; sourceTree = "<group>"; };
		4E88FF631C6BDBF000736678 /* VideoDetailViewController.swift */ = {isa = PBXFileReference; fileEncoding = 4; lastKnownFileType = sourcecode.swift; path = VideoDetailViewController.swift; sourceTree = "<group>"; };
		4EA8084A1C7116BD009398D3 /* history.jpg */ = {isa = PBXFileReference; lastKnownFileType = image.jpeg; path = history.jpg; sourceTree = "<group>"; };
		4EA8084C1C711785009398D3 /* physics.jpg */ = {isa = PBXFileReference; lastKnownFileType = image.jpeg; path = physics.jpg; sourceTree = "<group>"; };
		4EA8084E1C711878009398D3 /* chemistry.jpg */ = {isa = PBXFileReference; lastKnownFileType = image.jpeg; path = chemistry.jpg; sourceTree = "<group>"; };
		4EA808501C711D00009398D3 /* biology.jpg */ = {isa = PBXFileReference; lastKnownFileType = image.jpeg; path = biology.jpg; sourceTree = "<group>"; };
		4EA808521C711EF0009398D3 /* philosophy.jpg */ = {isa = PBXFileReference; lastKnownFileType = image.jpeg; path = philosophy.jpg; sourceTree = "<group>"; };
		4EAF1C7A1D4CD3F7003F4B0D /* KeywordVC.swift */ = {isa = PBXFileReference; fileEncoding = 4; lastKnownFileType = sourcecode.swift; path = KeywordVC.swift; sourceTree = "<group>"; };
		4EB2DD571D92C30A00F020C1 /* YoutubeAppTests.xctest */ = {isa = PBXFileReference; explicitFileType = wrapper.cfbundle; includeInIndex = 0; path = YoutubeAppTests.xctest; sourceTree = BUILT_PRODUCTS_DIR; };
		4EB2DD591D92C30A00F020C1 /* YoutubeAppTests.swift */ = {isa = PBXFileReference; lastKnownFileType = sourcecode.swift; path = YoutubeAppTests.swift; sourceTree = "<group>"; };
		4EB2DD5B1D92C30A00F020C1 /* Info.plist */ = {isa = PBXFileReference; lastKnownFileType = text.plist.xml; path = Info.plist; sourceTree = "<group>"; };
		4EC1FB721D7F2115009D9F91 /* Icon.png */ = {isa = PBXFileReference; lastKnownFileType = image.png; path = Icon.png; sourceTree = "<group>"; };
		4ECA0C561D842C0900E7EA88 /* BG-Image.png */ = {isa = PBXFileReference; lastKnownFileType = image.png; path = "BG-Image.png"; sourceTree = "<group>"; };
		4ECA0C581D842D1E00E7EA88 /* Sign-In-Google.png */ = {isa = PBXFileReference; lastKnownFileType = image.png; path = "Sign-In-Google.png"; sourceTree = "<group>"; };
		4ECA0C5A1D842D9C00E7EA88 /* Log In Button.png */ = {isa = PBXFileReference; lastKnownFileType = image.png; path = "Log In Button.png"; sourceTree = "<group>"; };
		4ECA0C5C1D8431D700E7EA88 /* pwrdByYT-white.png */ = {isa = PBXFileReference; lastKnownFileType = image.png; path = "pwrdByYT-white.png"; sourceTree = "<group>"; };
		4ECA0C601D8433EB00E7EA88 /* Log In Button Highlighted.png */ = {isa = PBXFileReference; lastKnownFileType = image.png; path = "Log In Button Highlighted.png"; sourceTree = "<group>"; };
		4ECA0C621D8434EA00E7EA88 /* YoutubeApp-Bridging-Header.h */ = {isa = PBXFileReference; lastKnownFileType = sourcecode.c.h; path = "YoutubeApp-Bridging-Header.h"; sourceTree = "<group>"; };
		4ECA0C631D8434EA00E7EA88 /* SSCheckmark.m */ = {isa = PBXFileReference; fileEncoding = 4; lastKnownFileType = sourcecode.c.objc; path = SSCheckmark.m; sourceTree = "<group>"; };
		4ECA0C651D84351500E7EA88 /* SSCheckmark.h */ = {isa = PBXFileReference; lastKnownFileType = sourcecode.c.h; path = SSCheckmark.h; sourceTree = "<group>"; };
		4ECA0C661D858F6900E7EA88 /* InsetLabel.swift */ = {isa = PBXFileReference; fileEncoding = 4; lastKnownFileType = sourcecode.swift; path = InsetLabel.swift; sourceTree = "<group>"; };
		4ECA0C6A1D85D63600E7EA88 /* Security.framework */ = {isa = PBXFileReference; lastKnownFileType = wrapper.framework; name = Security.framework; path = System/Library/Frameworks/Security.framework; sourceTree = SDKROOT; };
		4ECA0C6C1D85D65400E7EA88 /* SystemConfiguration.framework */ = {isa = PBXFileReference; lastKnownFileType = wrapper.framework; name = SystemConfiguration.framework; path = System/Library/Frameworks/SystemConfiguration.framework; sourceTree = SDKROOT; };
		4ECA0C6F1D8836E900E7EA88 /* FBSDKCoreKit.framework */ = {isa = PBXFileReference; lastKnownFileType = wrapper.framework; path = FBSDKCoreKit.framework; sourceTree = "<group>"; };
		4ECA0C711D8836F200E7EA88 /* FBSDKShareKit.framework */ = {isa = PBXFileReference; lastKnownFileType = wrapper.framework; path = FBSDKShareKit.framework; sourceTree = "<group>"; };
		4ECA0C731D8836FD00E7EA88 /* FBSDKLoginKit.framework */ = {isa = PBXFileReference; lastKnownFileType = wrapper.framework; path = FBSDKLoginKit.framework; sourceTree = "<group>"; };
		4ECA0C751D883A4E00E7EA88 /* Bolts.framework */ = {isa = PBXFileReference; lastKnownFileType = wrapper.framework; path = Bolts.framework; sourceTree = "<group>"; };
		4EEC41191C7B90BA0085FD59 /* SkillsViewController.swift */ = {isa = PBXFileReference; fileEncoding = 4; lastKnownFileType = sourcecode.swift; path = SkillsViewController.swift; sourceTree = "<group>"; };
		4EFAAE371DD8E87E000354C2 /* GradientView.swift */ = {isa = PBXFileReference; fileEncoding = 4; lastKnownFileType = sourcecode.swift; path = GradientView.swift; sourceTree = "<group>"; };
		4EFAAE3D1DD8F540000354C2 /* SkillsNavBar.png */ = {isa = PBXFileReference; lastKnownFileType = image.png; path = SkillsNavBar.png; sourceTree = "<group>"; };
		4EFAAE3E1DD8F540000354C2 /* SkillsNavBar@2x.png */ = {isa = PBXFileReference; lastKnownFileType = image.png; path = "SkillsNavBar@2x.png"; sourceTree = "<group>"; };
		4EFAAE411DD91851000354C2 /* DiscovrNavBar.png */ = {isa = PBXFileReference; lastKnownFileType = image.png; path = DiscovrNavBar.png; sourceTree = "<group>"; };
		4EFAAE421DD91851000354C2 /* DiscovrNavBar@2x.png */ = {isa = PBXFileReference; lastKnownFileType = image.png; path = "DiscovrNavBar@2x.png"; sourceTree = "<group>"; };
		4EFAAE7D1DDA1E7F000354C2 /* undo_btn.png */ = {isa = PBXFileReference; lastKnownFileType = image.png; path = undo_btn.png; sourceTree = "<group>"; };
		4EFAAE7E1DDA1E7F000354C2 /* undo_btn@2x.png */ = {isa = PBXFileReference; lastKnownFileType = image.png; path = "undo_btn@2x.png"; sourceTree = "<group>"; };
		4EFAAE7F1DDA1E7F000354C2 /* undo_btn@3x.png */ = {isa = PBXFileReference; lastKnownFileType = image.png; path = "undo_btn@3x.png"; sourceTree = "<group>"; };
		4EFAAE831DDA1EA4000354C2 /* btn_like_2@2x.png */ = {isa = PBXFileReference; lastKnownFileType = image.png; path = "btn_like_2@2x.png"; sourceTree = "<group>"; };
		4EFAAE841DDA1EA4000354C2 /* btn_like_2@3x.png */ = {isa = PBXFileReference; lastKnownFileType = image.png; path = "btn_like_2@3x.png"; sourceTree = "<group>"; };
		4EFAAE871DDA1EB1000354C2 /* btn_like_2.png */ = {isa = PBXFileReference; lastKnownFileType = image.png; path = btn_like_2.png; sourceTree = "<group>"; };
		4EFAAE891DDA1EBF000354C2 /* btn_skip_2@2x.png */ = {isa = PBXFileReference; lastKnownFileType = image.png; path = "btn_skip_2@2x.png"; sourceTree = "<group>"; };
		4EFAAE8A1DDA1EBF000354C2 /* btn_skip_2@3x.png */ = {isa = PBXFileReference; lastKnownFileType = image.png; path = "btn_skip_2@3x.png"; sourceTree = "<group>"; };
		4EFAAE8D1DDA1ECA000354C2 /* btn_skip_2.png */ = {isa = PBXFileReference; lastKnownFileType = image.png; path = btn_skip_2.png; sourceTree = "<group>"; };
		4EFE25EE1C7377A7009E44CD /* geography.jpg */ = {isa = PBXFileReference; lastKnownFileType = image.jpeg; path = geography.jpg; sourceTree = "<group>"; };
		4EFE25F01C737B4A009E44CD /* technology.jpg */ = {isa = PBXFileReference; lastKnownFileType = image.jpeg; path = technology.jpg; sourceTree = "<group>"; };
		566F074387311FAF7E3AB17F /* Pods-YoutubeApp.debug.xcconfig */ = {isa = PBXFileReference; includeInIndex = 1; lastKnownFileType = text.xcconfig; name = "Pods-YoutubeApp.debug.xcconfig"; path = "Pods/Target Support Files/Pods-YoutubeApp/Pods-YoutubeApp.debug.xcconfig"; sourceTree = "<group>"; };
		8F02C9EEE558E92E84D6384D /* Pods_YoutubeAppTests.framework */ = {isa = PBXFileReference; explicitFileType = wrapper.framework; includeInIndex = 0; path = Pods_YoutubeAppTests.framework; sourceTree = BUILT_PRODUCTS_DIR; };
		CD3BCF8576FB3C547DA7E860 /* Pods-YoutubeAppTests.debug.xcconfig */ = {isa = PBXFileReference; includeInIndex = 1; lastKnownFileType = text.xcconfig; name = "Pods-YoutubeAppTests.debug.xcconfig"; path = "Pods/Target Support Files/Pods-YoutubeAppTests/Pods-YoutubeAppTests.debug.xcconfig"; sourceTree = "<group>"; };
/* End PBXFileReference section */

/* Begin PBXFrameworksBuildPhase section */
		4E0E90E31D9ADDE2000B24EF /* Frameworks */ = {
			isa = PBXFrameworksBuildPhase;
			buildActionMask = 2147483647;
			files = (
			);
			runOnlyForDeploymentPostprocessing = 0;
		};
		4E72B8501C58230A004592E7 /* Frameworks */ = {
			isa = PBXFrameworksBuildPhase;
			buildActionMask = 2147483647;
			files = (
				4ECA0C6D1D85D65400E7EA88 /* SystemConfiguration.framework in Frameworks */,
				4ECA0C701D8836E900E7EA88 /* FBSDKCoreKit.framework in Frameworks */,
				4ECA0C741D8836FD00E7EA88 /* FBSDKLoginKit.framework in Frameworks */,
				4E4A5D2B1DD4CE9A00F4F78A /* StoreKit.framework in Frameworks */,
				4ECA0C721D8836F300E7EA88 /* FBSDKShareKit.framework in Frameworks */,
				4ECA0C6B1D85D63600E7EA88 /* Security.framework in Frameworks */,
				4107211B07472069F8521C97 /* Pods_YoutubeApp.framework in Frameworks */,
				4ECA0C761D883A4E00E7EA88 /* Bolts.framework in Frameworks */,
			);
			runOnlyForDeploymentPostprocessing = 0;
		};
		4EB2DD541D92C30A00F020C1 /* Frameworks */ = {
			isa = PBXFrameworksBuildPhase;
			buildActionMask = 2147483647;
			files = (
				A6C489F5661433858ACB2C84 /* Pods_YoutubeAppTests.framework in Frameworks */,
			);
			runOnlyForDeploymentPostprocessing = 0;
		};
/* End PBXFrameworksBuildPhase section */

/* Begin PBXGroup section */
		0A176624DCB95C70460E2C5F /* Frameworks */ = {
			isa = PBXGroup;
			children = (
				4E4A5D2A1DD4CE9A00F4F78A /* StoreKit.framework */,
				4ECA0C751D883A4E00E7EA88 /* Bolts.framework */,
				4ECA0C731D8836FD00E7EA88 /* FBSDKLoginKit.framework */,
				4ECA0C711D8836F200E7EA88 /* FBSDKShareKit.framework */,
				4ECA0C6F1D8836E900E7EA88 /* FBSDKCoreKit.framework */,
				4ECA0C6C1D85D65400E7EA88 /* SystemConfiguration.framework */,
				4ECA0C6A1D85D63600E7EA88 /* Security.framework */,
				3F6CACAACEA1F7892C6351C0 /* Pods_YoutubeApp.framework */,
				8F02C9EEE558E92E84D6384D /* Pods_YoutubeAppTests.framework */,
			);
			name = Frameworks;
			sourceTree = "<group>";
		};
		4E0E90E71D9ADDE2000B24EF /* YoutubeAppUITests */ = {
			isa = PBXGroup;
			children = (
				4E0E90E81D9ADDE2000B24EF /* YoutubeAppUITests.swift */,
				4E0E90EA1D9ADDE2000B24EF /* Info.plist */,
			);
			path = YoutubeAppUITests;
			sourceTree = "<group>";
		};
		4E12E2201D21A86E00F44DB9 /* Supporting Files */ = {
			isa = PBXGroup;
			children = (
			);
			name = "Supporting Files";
			sourceTree = "<group>";
		};
		4E12E2241D2272F200F44DB9 /* images */ = {
			isa = PBXGroup;
			children = (
				4E1742D41DBB9CCE009D7B7D /* Log In Button_DE.png */,
				4ECA0C601D8433EB00E7EA88 /* Log In Button Highlighted.png */,
				4E4A5D261DD36AF400F4F78A /* Backgd.png */,
				4E4A5D281DD36B2300F4F78A /* Backgnd.png */,
				4EFAAE7D1DDA1E7F000354C2 /* undo_btn.png */,
				4EFAAE7E1DDA1E7F000354C2 /* undo_btn@2x.png */,
				4EFAAE7F1DDA1E7F000354C2 /* undo_btn@3x.png */,
				4EFAAE871DDA1EB1000354C2 /* btn_like_2.png */,
				4EFAAE831DDA1EA4000354C2 /* btn_like_2@2x.png */,
				4EFAAE841DDA1EA4000354C2 /* btn_like_2@3x.png */,
				4EFAAE8D1DDA1ECA000354C2 /* btn_skip_2.png */,
				4EFAAE891DDA1EBF000354C2 /* btn_skip_2@2x.png */,
				4EFAAE8A1DDA1EBF000354C2 /* btn_skip_2@3x.png */,
				4E72B85D1C58230B004592E7 /* Assets.xcassets */,
				4E4A5D141DCBC2FE00F4F78A /* GoogleLogoBlue.png */,
				4E32F4871DDD1B7D00EE1C3B /* GoogleLogoRed.png */,
				4EFAAE3D1DD8F540000354C2 /* SkillsNavBar.png */,
				4EFAAE3E1DD8F540000354C2 /* SkillsNavBar@2x.png */,
				4EFAAE411DD91851000354C2 /* DiscovrNavBar.png */,
				4EFAAE421DD91851000354C2 /* DiscovrNavBar@2x.png */,
				4E4A5D241DCFB3C800F4F78A /* NextButton.png */,
				4E1E521F1DC6005A00E9058B /* food-science.jpg */,
				4E1E52251DC6021800E9058B /* energy-and-space.jpg */,
				4E4A5D201DCD1B5600F4F78A /* InterestsNavBar.png */,
				4E4A5D1D1DCD1B1600F4F78A /* InterestsNavBar@2x.png */,
				4ECA0C5C1D8431D700E7EA88 /* pwrdByYT-white.png */,
				4E4A5D101DCBBD7300F4F78A /* bg_image.jpg */,
				4E1E52231DC6016E00E9058B /* inventions.jpg */,
				4E4A5D181DCBCF5300F4F78A /* earth.jpg */,
				4E27A8401DC4F2160007BAC6 /* action.jpg */,
				4E1E52211DC600E800E9058B /* fauna-and-flora.jpg */,
				4E27A8411DC4F2160007BAC6 /* animals.jpg */,
				4E4A5D161DCBCAF200F4F78A /* bg_image_2.jpeg */,
				4E27A8421DC4F2160007BAC6 /* comedy.jpg */,
				4E27A8431DC4F2160007BAC6 /* film.jpg */,
				4E27A8441DC4F2160007BAC6 /* gaming.jpg */,
				4E27A8451DC4F2160007BAC6 /* music.jpg */,
				4E27A8461DC4F2160007BAC6 /* social.jpg */,
				4E27A8471DC4F2160007BAC6 /* sports.jpg */,
				4E27A8481DC4F2160007BAC6 /* travel.jpg */,
				4E27A8491DC4F2160007BAC6 /* vlogging.jpg */,
				4ECA0C5A1D842D9C00E7EA88 /* Log In Button.png */,
				4ECA0C581D842D1E00E7EA88 /* Sign-In-Google.png */,
				4ECA0C561D842C0900E7EA88 /* BG-Image.png */,
				4EC1FB721D7F2115009D9F91 /* Icon.png */,
				4E03E3911D47AD6E00872719 /* Background@3x.png */,
				4EFE25EE1C7377A7009E44CD /* geography.jpg */,
				4E2999C91C6E650100563520 /* maths.jpg */,
				4EA8084C1C711785009398D3 /* physics.jpg */,
				4EA8084E1C711878009398D3 /* chemistry.jpg */,
				4EA808501C711D00009398D3 /* biology.jpg */,
				4EA808521C711EF0009398D3 /* philosophy.jpg */,
				4EFE25F01C737B4A009E44CD /* technology.jpg */,
				4E322D571D7D971E00E5B1F6 /* settings-16.png */,
				4E322D591D7D97A300E5B1F6 /* settings-24.png */,
				4EA8084A1C7116BD009398D3 /* history.jpg */,
			);
			name = images;
			sourceTree = "<group>";
		};
		4E72B84A1C58230A004592E7 = {
			isa = PBXGroup;
			children = (
				4E72B8551C58230B004592E7 /* YoutubeApp */,
				4EB2DD581D92C30A00F020C1 /* YoutubeAppTests */,
				4E0E90E71D9ADDE2000B24EF /* YoutubeAppUITests */,
				4E72B8541C58230B004592E7 /* Products */,
				A88962B5586CE59769A998F2 /* Pods */,
				0A176624DCB95C70460E2C5F /* Frameworks */,
			);
			sourceTree = "<group>";
		};
		4E72B8541C58230B004592E7 /* Products */ = {
			isa = PBXGroup;
			children = (
				4E72B8531C58230B004592E7 /* YoutubeApp.app */,
				4EB2DD571D92C30A00F020C1 /* YoutubeAppTests.xctest */,
				4E0E90E61D9ADDE2000B24EF /* YoutubeAppUITests.xctest */,
			);
			name = Products;
			sourceTree = "<group>";
		};
		4E72B8551C58230B004592E7 /* YoutubeApp */ = {
			isa = PBXGroup;
			children = (
				4E72B8561C58230B004592E7 /* AppDelegate.swift */,
				4E2999C71C6E613F00563520 /* InterestsViewController.swift */,
				4E7E22041DF1EEA500126D6F /* CustomNavigationAnimator.swift */,
				4E7E22061DF1F5B900126D6F /* CustomInteractionAnimator.swift */,
				4E4A5D2C1DD4D1C700F4F78A /* UpgradeManager.swift */,
				4E4A5D2E1DD4D3FE00F4F78A /* UpgradeViewController.swift */,
				4E27A83E1DC4EBED0007BAC6 /* CustomViewFlowLayout.swift */,
				4E1B380A1CF0FA3400568FB9 /* ExampleOverlayView.swift */,
				4E1B380C1CF0FA8700568FB9 /* OverlayView.xib */,
				4EEC41191C7B90BA0085FD59 /* SkillsViewController.swift */,
				4E1C99CB1D3D12720009F799 /* TableSectionHeader.swift */,
				4E1C99CD1D3D12C60009F799 /* TableSectionHeader.xib */,
				4E72B8581C58230B004592E7 /* ViewController.swift */,
				4E322D5B1D7DC92200E5B1F6 /* LoadingViewController.swift */,
				4E6D8E041CECF95E00211D4B /* Thumbnail.swift */,
				4ECA0C661D858F6900E7EA88 /* InsetLabel.swift */,
				4E1B38081CEF6FA200568FB9 /* Thumbnail.xib */,
				4E88FF5F1C6B97DC00736678 /* Video.swift */,
				4EAF1C7A1D4CD3F7003F4B0D /* KeywordVC.swift */,
				4E88FF611C6B993400736678 /* VideoModel.swift */,
				4E88FF631C6BDBF000736678 /* VideoDetailViewController.swift */,
				4E49B15B1DC2523600EB6ED4 /* CustomWebView.swift */,
				4E1742CD1DBB980A009D7B7D /* Localizable.strings */,
				4E72B85A1C58230B004592E7 /* Main.storyboard */,
				4ECA0C631D8434EA00E7EA88 /* SSCheckmark.m */,
				4ECA0C651D84351500E7EA88 /* SSCheckmark.h */,
				4E322D651D7EE2FE00E5B1F6 /* SettingsViewController.swift */,
				4E76B2AB1D55DF2C00223078 /* SavedVideosViewController.swift */,
				4E322D5D1D7DF36F00E5B1F6 /* EmptyView.swift */,
				4E322D611D7E4DF800E5B1F6 /* ErrorView.swift */,
				4E856F4D1D4D403C00BED6D7 /* NavigationController.swift */,
				4E676A651D228900007158ED /* InterestView.swift */,
				4EFAAE371DD8E87E000354C2 /* GradientView.swift */,
				4E12E21C1D21A52300F44DB9 /* SignInViewController.swift */,
				4E12E2201D21A86E00F44DB9 /* Supporting Files */,
				4E12E2241D2272F200F44DB9 /* images */,
				4E72B85F1C58230B004592E7 /* LaunchScreen.storyboard */,
				4E72B8621C58230B004592E7 /* Info.plist */,
				4E322D5F1D7E1AD600E5B1F6 /* BasicPlaceholderView.swift */,
				4ECA0C621D8434EA00E7EA88 /* YoutubeApp-Bridging-Header.h */,
			);
			path = YoutubeApp;
			sourceTree = "<group>";
		};
		4EB2DD581D92C30A00F020C1 /* YoutubeAppTests */ = {
			isa = PBXGroup;
			children = (
				4EB2DD591D92C30A00F020C1 /* YoutubeAppTests.swift */,
				4EB2DD5B1D92C30A00F020C1 /* Info.plist */,
			);
			path = YoutubeAppTests;
			sourceTree = "<group>";
		};
		A88962B5586CE59769A998F2 /* Pods */ = {
			isa = PBXGroup;
			children = (
				566F074387311FAF7E3AB17F /* Pods-YoutubeApp.debug.xcconfig */,
				110906C6BF1B24CFE64C2637 /* Pods-YoutubeApp.release.xcconfig */,
				CD3BCF8576FB3C547DA7E860 /* Pods-YoutubeAppTests.debug.xcconfig */,
				42C881016821534CDDFED871 /* Pods-YoutubeAppTests.release.xcconfig */,
			);
			name = Pods;
			sourceTree = "<group>";
		};
/* End PBXGroup section */

/* Begin PBXNativeTarget section */
		4E0E90E51D9ADDE2000B24EF /* YoutubeAppUITests */ = {
			isa = PBXNativeTarget;
			buildConfigurationList = 4E0E90ED1D9ADDE2000B24EF /* Build configuration list for PBXNativeTarget "YoutubeAppUITests" */;
			buildPhases = (
				4E0E90E21D9ADDE2000B24EF /* Sources */,
				4E0E90E31D9ADDE2000B24EF /* Frameworks */,
				4E0E90E41D9ADDE2000B24EF /* Resources */,
			);
			buildRules = (
			);
			dependencies = (
				4E0E90EC1D9ADDE2000B24EF /* PBXTargetDependency */,
			);
			name = YoutubeAppUITests;
			productName = YoutubeAppUITests;
			productReference = 4E0E90E61D9ADDE2000B24EF /* YoutubeAppUITests.xctest */;
			productType = "com.apple.product-type.bundle.ui-testing";
		};
		4E72B8521C58230A004592E7 /* YoutubeApp */ = {
			isa = PBXNativeTarget;
			buildConfigurationList = 4E72B8651C58230B004592E7 /* Build configuration list for PBXNativeTarget "YoutubeApp" */;
			buildPhases = (
				9808D409ADA1B0CDD8CB5CA3 /* 📦 Check Pods Manifest.lock */,
				4E72B84F1C58230A004592E7 /* Sources */,
				4E72B8501C58230A004592E7 /* Frameworks */,
				4E72B8511C58230A004592E7 /* Resources */,
				9097580298A165DA280726C1 /* 📦 Embed Pods Frameworks */,
				B4B78201DE1671E29DA415B7 /* 📦 Copy Pods Resources */,
				4ECA0C771D8854E500E7EA88 /* ShellScript */,
			);
			buildRules = (
			);
			dependencies = (
			);
			name = YoutubeApp;
			productName = YoutubeApp;
			productReference = 4E72B8531C58230B004592E7 /* YoutubeApp.app */;
			productType = "com.apple.product-type.application";
		};
		4EB2DD561D92C30A00F020C1 /* YoutubeAppTests */ = {
			isa = PBXNativeTarget;
			buildConfigurationList = 4EB2DD601D92C30A00F020C1 /* Build configuration list for PBXNativeTarget "YoutubeAppTests" */;
			buildPhases = (
				22B9ACEA2421852AEA5CA9EB /* 📦 Check Pods Manifest.lock */,
				4EB2DD531D92C30A00F020C1 /* Sources */,
				4EB2DD541D92C30A00F020C1 /* Frameworks */,
				4EB2DD551D92C30A00F020C1 /* Resources */,
				2B673EE87C095B79A726775A /* 📦 Embed Pods Frameworks */,
				01DE22414C0014C5F9269321 /* 📦 Copy Pods Resources */,
			);
			buildRules = (
			);
			dependencies = (
				4EB2DD5D1D92C30A00F020C1 /* PBXTargetDependency */,
			);
			name = YoutubeAppTests;
			productName = YoutubeAppTests;
			productReference = 4EB2DD571D92C30A00F020C1 /* YoutubeAppTests.xctest */;
			productType = "com.apple.product-type.bundle.unit-test";
		};
/* End PBXNativeTarget section */

/* Begin PBXProject section */
		4E72B84B1C58230A004592E7 /* Project object */ = {
			isa = PBXProject;
			attributes = {
				LastSwiftUpdateCheck = 0800;
				LastUpgradeCheck = 0810;
				ORGANIZATIONNAME = "Pranav Kasetti";
				TargetAttributes = {
					4E0E90E51D9ADDE2000B24EF = {
						CreatedOnToolsVersion = 8.0;
						DevelopmentTeam = C3BX32XR8J;
						ProvisioningStyle = Automatic;
						TestTargetID = 4E72B8521C58230A004592E7;
					};
					4E72B8521C58230A004592E7 = {
						CreatedOnToolsVersion = 7.2;
						DevelopmentTeam = C3BX32XR8J;
						LastSwiftMigration = 0800;
						ProvisioningStyle = Automatic;
						SystemCapabilities = {
							com.apple.InAppPurchase = {
								enabled = 1;
							};
						};
					};
					4EB2DD561D92C30A00F020C1 = {
						CreatedOnToolsVersion = 8.0;
						DevelopmentTeam = C3BX32XR8J;
						ProvisioningStyle = Automatic;
						TestTargetID = 4E72B8521C58230A004592E7;
					};
				};
			};
			buildConfigurationList = 4E72B84E1C58230A004592E7 /* Build configuration list for PBXProject "YoutubeApp" */;
			compatibilityVersion = "Xcode 3.2";
			developmentRegion = English;
			hasScannedForEncodings = 0;
			knownRegions = (
				en,
				Base,
				de,
			);
			mainGroup = 4E72B84A1C58230A004592E7;
			productRefGroup = 4E72B8541C58230B004592E7 /* Products */;
			projectDirPath = "";
			projectRoot = "";
			targets = (
				4E72B8521C58230A004592E7 /* YoutubeApp */,
				4EB2DD561D92C30A00F020C1 /* YoutubeAppTests */,
				4E0E90E51D9ADDE2000B24EF /* YoutubeAppUITests */,
			);
		};
/* End PBXProject section */

/* Begin PBXResourcesBuildPhase section */
		4E0E90E41D9ADDE2000B24EF /* Resources */ = {
			isa = PBXResourcesBuildPhase;
			buildActionMask = 2147483647;
			files = (
			);
			runOnlyForDeploymentPostprocessing = 0;
		};
		4E72B8511C58230A004592E7 /* Resources */ = {
			isa = PBXResourcesBuildPhase;
			buildActionMask = 2147483647;
			files = (
				4EFAAE431DD91851000354C2 /* DiscovrNavBar.png in Resources */,
				4E4A5D191DCBCF5300F4F78A /* earth.jpg in Resources */,
				4EFAAE811DDA1E7F000354C2 /* undo_btn@2x.png in Resources */,
				4E1742D31DBB98E1009D7B7D /* Localizable.strings in Resources */,
				4EFAAE861DDA1EA4000354C2 /* btn_like_2@3x.png in Resources */,
				4E4A5D291DD36B2300F4F78A /* Backgnd.png in Resources */,
				4EFAAE401DD8F540000354C2 /* SkillsNavBar@2x.png in Resources */,
				4EC1FB731D7F2115009D9F91 /* Icon.png in Resources */,
				4EFAAE851DDA1EA4000354C2 /* btn_like_2@2x.png in Resources */,
				4EFAAE801DDA1E7F000354C2 /* undo_btn.png in Resources */,
				4EFAAE8E1DDA1ECA000354C2 /* btn_skip_2.png in Resources */,
				4EFAAE441DD91852000354C2 /* DiscovrNavBar@2x.png in Resources */,
				4E27A84F1DC4F2160007BAC6 /* music.jpg in Resources */,
				4E72B8611C58230B004592E7 /* LaunchScreen.storyboard in Resources */,
				4E4A5D111DCBBD7300F4F78A /* bg_image.jpg in Resources */,
				4ECA0C571D842C0900E7EA88 /* BG-Image.png in Resources */,
				4EA8084D1C711785009398D3 /* physics.jpg in Resources */,
				4EFAAE821DDA1E7F000354C2 /* undo_btn@3x.png in Resources */,
				4E4A5D1F1DCD1B1600F4F78A /* InterestsNavBar@2x.png in Resources */,
				4ECA0C5D1D8431D700E7EA88 /* pwrdByYT-white.png in Resources */,
				4EFAAE881DDA1EB1000354C2 /* btn_like_2.png in Resources */,
				4EA8084F1C711878009398D3 /* chemistry.jpg in Resources */,
				4E1C99CE1D3D12C60009F799 /* TableSectionHeader.xib in Resources */,
				4E27A84B1DC4F2160007BAC6 /* animals.jpg in Resources */,
				4E1E52261DC6021800E9058B /* energy-and-space.jpg in Resources */,
				4E2999CA1C6E650100563520 /* maths.jpg in Resources */,
				4ECA0C5B1D842D9C00E7EA88 /* Log In Button.png in Resources */,
				4E27A84D1DC4F2160007BAC6 /* film.jpg in Resources */,
				4EFE25EF1C7377A7009E44CD /* geography.jpg in Resources */,
				4EA8084B1C7116BD009398D3 /* history.jpg in Resources */,
				4E4A5D171DCBCAF200F4F78A /* bg_image_2.jpeg in Resources */,
				4ECA0C611D8433EB00E7EA88 /* Log In Button Highlighted.png in Resources */,
				4E27A8531DC4F2160007BAC6 /* vlogging.jpg in Resources */,
				4EFAAE8B1DDA1EBF000354C2 /* btn_skip_2@2x.png in Resources */,
				4E27A84C1DC4F2160007BAC6 /* comedy.jpg in Resources */,
				4E1E52201DC6005A00E9058B /* food-science.jpg in Resources */,
				4E27A8511DC4F2160007BAC6 /* sports.jpg in Resources */,
				4E1E52241DC6016E00E9058B /* inventions.jpg in Resources */,
				4E322D581D7D971E00E5B1F6 /* settings-16.png in Resources */,
				4E4A5D151DCBC2FE00F4F78A /* GoogleLogoBlue.png in Resources */,
				4E72B85E1C58230B004592E7 /* Assets.xcassets in Resources */,
				4E32F4881DDD1B7D00EE1C3B /* GoogleLogoRed.png in Resources */,
				4EFE25F11C737B4A009E44CD /* technology.jpg in Resources */,
				4E27A8501DC4F2160007BAC6 /* social.jpg in Resources */,
				4E4A5D251DCFB3C800F4F78A /* NextButton.png in Resources */,
				4E322D5A1D7D97A300E5B1F6 /* settings-24.png in Resources */,
				4E72B85C1C58230B004592E7 /* Main.storyboard in Resources */,
				4EA808511C711D00009398D3 /* biology.jpg in Resources */,
				4E27A8521DC4F2160007BAC6 /* travel.jpg in Resources */,
				4E27A84E1DC4F2160007BAC6 /* gaming.jpg in Resources */,
				4E1B380D1CF0FA8700568FB9 /* OverlayView.xib in Resources */,
				4EFAAE8C1DDA1EBF000354C2 /* btn_skip_2@3x.png in Resources */,
				4ECA0C591D842D1E00E7EA88 /* Sign-In-Google.png in Resources */,
				4E27A84A1DC4F2160007BAC6 /* action.jpg in Resources */,
				4E4A5D271DD36AF400F4F78A /* Backgd.png in Resources */,
				4E1742D51DBB9CCE009D7B7D /* Log In Button_DE.png in Resources */,
				4E4A5D211DCD1B5600F4F78A /* InterestsNavBar.png in Resources */,
				4EFAAE3F1DD8F540000354C2 /* SkillsNavBar.png in Resources */,
				4E1B38091CEF6FA200568FB9 /* Thumbnail.xib in Resources */,
				4EA808531C711EF0009398D3 /* philosophy.jpg in Resources */,
				4E03E3921D47AD6E00872719 /* Background@3x.png in Resources */,
				4E1E52221DC600E800E9058B /* fauna-and-flora.jpg in Resources */,
			);
			runOnlyForDeploymentPostprocessing = 0;
		};
		4EB2DD551D92C30A00F020C1 /* Resources */ = {
			isa = PBXResourcesBuildPhase;
			buildActionMask = 2147483647;
			files = (
			);
			runOnlyForDeploymentPostprocessing = 0;
		};
/* End PBXResourcesBuildPhase section */

/* Begin PBXShellScriptBuildPhase section */
		01DE22414C0014C5F9269321 /* 📦 Copy Pods Resources */ = {
			isa = PBXShellScriptBuildPhase;
			buildActionMask = 2147483647;
			files = (
			);
			inputPaths = (
			);
			name = "📦 Copy Pods Resources";
			outputPaths = (
			);
			runOnlyForDeploymentPostprocessing = 0;
			shellPath = /bin/sh;
			shellScript = "\"${SRCROOT}/Pods/Target Support Files/Pods-YoutubeAppTests/Pods-YoutubeAppTests-resources.sh\"\n";
			showEnvVarsInLog = 0;
		};
		22B9ACEA2421852AEA5CA9EB /* 📦 Check Pods Manifest.lock */ = {
			isa = PBXShellScriptBuildPhase;
			buildActionMask = 2147483647;
			files = (
			);
			inputPaths = (
			);
			name = "📦 Check Pods Manifest.lock";
			outputPaths = (
			);
			runOnlyForDeploymentPostprocessing = 0;
			shellPath = /bin/sh;
			shellScript = "diff \"${PODS_ROOT}/../Podfile.lock\" \"${PODS_ROOT}/Manifest.lock\" > /dev/null\nif [[ $? != 0 ]] ; then\n    cat << EOM\nerror: The sandbox is not in sync with the Podfile.lock. Run 'pod install' or update your CocoaPods installation.\nEOM\n    exit 1\nfi\n";
			showEnvVarsInLog = 0;
		};
		2B673EE87C095B79A726775A /* 📦 Embed Pods Frameworks */ = {
			isa = PBXShellScriptBuildPhase;
			buildActionMask = 2147483647;
			files = (
			);
			inputPaths = (
			);
			name = "📦 Embed Pods Frameworks";
			outputPaths = (
			);
			runOnlyForDeploymentPostprocessing = 0;
			shellPath = /bin/sh;
			shellScript = "\"${SRCROOT}/Pods/Target Support Files/Pods-YoutubeAppTests/Pods-YoutubeAppTests-frameworks.sh\"\n";
			showEnvVarsInLog = 0;
		};
		4ECA0C771D8854E500E7EA88 /* ShellScript */ = {
			isa = PBXShellScriptBuildPhase;
			buildActionMask = 2147483647;
			files = (
			);
			inputPaths = (
			);
			outputPaths = (
			);
			runOnlyForDeploymentPostprocessing = 0;
			shellPath = /bin/sh;
			shellScript = "\"${PODS_ROOT}/Fabric/run\" b92bf746efb613cf8988e7aa537eee425f7dde13 51681f508126a369ea722a1bbd0af8e8b225b8a219ed4451027e6dfd83353223";
		};
		9097580298A165DA280726C1 /* 📦 Embed Pods Frameworks */ = {
			isa = PBXShellScriptBuildPhase;
			buildActionMask = 2147483647;
			files = (
			);
			inputPaths = (
			);
			name = "📦 Embed Pods Frameworks";
			outputPaths = (
			);
			runOnlyForDeploymentPostprocessing = 0;
			shellPath = /bin/sh;
			shellScript = "\"${SRCROOT}/Pods/Target Support Files/Pods-YoutubeApp/Pods-YoutubeApp-frameworks.sh\"\n";
			showEnvVarsInLog = 0;
		};
		9808D409ADA1B0CDD8CB5CA3 /* 📦 Check Pods Manifest.lock */ = {
			isa = PBXShellScriptBuildPhase;
			buildActionMask = 2147483647;
			files = (
			);
			inputPaths = (
			);
			name = "📦 Check Pods Manifest.lock";
			outputPaths = (
			);
			runOnlyForDeploymentPostprocessing = 0;
			shellPath = /bin/sh;
			shellScript = "diff \"${PODS_ROOT}/../Podfile.lock\" \"${PODS_ROOT}/Manifest.lock\" > /dev/null\nif [[ $? != 0 ]] ; then\n    cat << EOM\nerror: The sandbox is not in sync with the Podfile.lock. Run 'pod install' or update your CocoaPods installation.\nEOM\n    exit 1\nfi\n";
			showEnvVarsInLog = 0;
		};
		B4B78201DE1671E29DA415B7 /* 📦 Copy Pods Resources */ = {
			isa = PBXShellScriptBuildPhase;
			buildActionMask = 2147483647;
			files = (
			);
			inputPaths = (
			);
			name = "📦 Copy Pods Resources";
			outputPaths = (
			);
			runOnlyForDeploymentPostprocessing = 0;
			shellPath = /bin/sh;
			shellScript = "\"${SRCROOT}/Pods/Target Support Files/Pods-YoutubeApp/Pods-YoutubeApp-resources.sh\"\n";
			showEnvVarsInLog = 0;
		};
/* End PBXShellScriptBuildPhase section */

/* Begin PBXSourcesBuildPhase section */
		4E0E90E21D9ADDE2000B24EF /* Sources */ = {
			isa = PBXSourcesBuildPhase;
			buildActionMask = 2147483647;
			files = (
				4E0E90E91D9ADDE2000B24EF /* YoutubeAppUITests.swift in Sources */,
			);
			runOnlyForDeploymentPostprocessing = 0;
		};
		4E72B84F1C58230A004592E7 /* Sources */ = {
			isa = PBXSourcesBuildPhase;
			buildActionMask = 2147483647;
			files = (
				4E72B8591C58230B004592E7 /* ViewController.swift in Sources */,
				4E76B2AC1D55DF2C00223078 /* SavedVideosViewController.swift in Sources */,
				4ECA0C641D8434EA00E7EA88 /* SSCheckmark.m in Sources */,
				4E322D621D7E4DF800E5B1F6 /* ErrorView.swift in Sources */,
				4E4A5D2D1DD4D1C700F4F78A /* UpgradeManager.swift in Sources */,
				4E322D661D7EE2FE00E5B1F6 /* SettingsViewController.swift in Sources */,
				4E1C99CC1D3D12720009F799 /* TableSectionHeader.swift in Sources */,
				4E322D5C1D7DC92200E5B1F6 /* LoadingViewController.swift in Sources */,
				4E7E22071DF1F5B900126D6F /* CustomInteractionAnimator.swift in Sources */,
				4EFAAE381DD8E87E000354C2 /* GradientView.swift in Sources */,
				4E88FF601C6B97DC00736678 /* Video.swift in Sources */,
				4ECA0C671D858F6900E7EA88 /* InsetLabel.swift in Sources */,
				4E676A661D228900007158ED /* InterestView.swift in Sources */,
				4E72B8571C58230B004592E7 /* AppDelegate.swift in Sources */,
				4E856F4E1D4D403C00BED6D7 /* NavigationController.swift in Sources */,
				4E88FF641C6BDBF100736678 /* VideoDetailViewController.swift in Sources */,
				4EEC411A1C7B90BA0085FD59 /* SkillsViewController.swift in Sources */,
				4E322D5E1D7DF36F00E5B1F6 /* EmptyView.swift in Sources */,
				4E1B380B1CF0FA3400568FB9 /* ExampleOverlayView.swift in Sources */,
				4E49B15C1DC2523600EB6ED4 /* CustomWebView.swift in Sources */,
				4E27A83F1DC4EBED0007BAC6 /* CustomViewFlowLayout.swift in Sources */,
				4E2999C81C6E613F00563520 /* InterestsViewController.swift in Sources */,
				4E322D601D7E1AD600E5B1F6 /* BasicPlaceholderView.swift in Sources */,
				4E6D8E051CECF95E00211D4B /* Thumbnail.swift in Sources */,
				4E7E22051DF1EEA500126D6F /* CustomNavigationAnimator.swift in Sources */,
				4E12E21D1D21A52300F44DB9 /* SignInViewController.swift in Sources */,
				4E4A5D2F1DD4D3FE00F4F78A /* UpgradeViewController.swift in Sources */,
				4EAF1C7B1D4CD3F7003F4B0D /* KeywordVC.swift in Sources */,
				4E88FF621C6B993400736678 /* VideoModel.swift in Sources */,
			);
			runOnlyForDeploymentPostprocessing = 0;
		};
		4EB2DD531D92C30A00F020C1 /* Sources */ = {
			isa = PBXSourcesBuildPhase;
			buildActionMask = 2147483647;
			files = (
				4EB2DD5A1D92C30A00F020C1 /* YoutubeAppTests.swift in Sources */,
			);
			runOnlyForDeploymentPostprocessing = 0;
		};
/* End PBXSourcesBuildPhase section */

/* Begin PBXTargetDependency section */
		4E0E90EC1D9ADDE2000B24EF /* PBXTargetDependency */ = {
			isa = PBXTargetDependency;
			target = 4E72B8521C58230A004592E7 /* YoutubeApp */;
			targetProxy = 4E0E90EB1D9ADDE2000B24EF /* PBXContainerItemProxy */;
		};
		4EB2DD5D1D92C30A00F020C1 /* PBXTargetDependency */ = {
			isa = PBXTargetDependency;
			target = 4E72B8521C58230A004592E7 /* YoutubeApp */;
			targetProxy = 4EB2DD5C1D92C30A00F020C1 /* PBXContainerItemProxy */;
		};
/* End PBXTargetDependency section */

/* Begin PBXVariantGroup section */
		4E1742CD1DBB980A009D7B7D /* Localizable.strings */ = {
			isa = PBXVariantGroup;
			children = (
				4E1742CE1DBB980A009D7B7D /* de */,
				4E1742D61DBED202009D7B7D /* en */,
			);
			name = Localizable.strings;
			path = ..;
			sourceTree = "<group>";
		};
		4E72B85A1C58230B004592E7 /* Main.storyboard */ = {
			isa = PBXVariantGroup;
			children = (
				4E72B85B1C58230B004592E7 /* Base */,
				4E6C86FA1DBA79A300F96F64 /* de */,
			);
			name = Main.storyboard;
			sourceTree = "<group>";
		};
		4E72B85F1C58230B004592E7 /* LaunchScreen.storyboard */ = {
			isa = PBXVariantGroup;
			children = (
				4E72B8601C58230B004592E7 /* Base */,
				4E6C86FB1DBA79A400F96F64 /* de */,
			);
			name = LaunchScreen.storyboard;
			sourceTree = "<group>";
		};
/* End PBXVariantGroup section */

/* Begin XCBuildConfiguration section */
		4E0E90EE1D9ADDE2000B24EF /* Debug */ = {
			isa = XCBuildConfiguration;
			buildSettings = {
				ALWAYS_SEARCH_USER_PATHS = NO;
				CLANG_ANALYZER_NONNULL = YES;
				CLANG_WARN_DOCUMENTATION_COMMENTS = YES;
				CLANG_WARN_INFINITE_RECURSION = YES;
				CLANG_WARN_SUSPICIOUS_MOVES = YES;
				DEVELOPMENT_TEAM = C3BX32XR8J;
				INFOPLIST_FILE = YoutubeAppUITests/Info.plist;
				LD_RUNPATH_SEARCH_PATHS = "$(inherited) @executable_path/Frameworks @loader_path/Frameworks";
				PRODUCT_BUNDLE_IDENTIFIER = pranav.kasetti.YoutubeAppUITests;
				PRODUCT_NAME = "$(TARGET_NAME)";
				SWIFT_ACTIVE_COMPILATION_CONDITIONS = DEBUG;
				SWIFT_VERSION = 3.0;
				TEST_TARGET_NAME = YoutubeApp;
			};
			name = Debug;
		};
		4E0E90EF1D9ADDE2000B24EF /* Release */ = {
			isa = XCBuildConfiguration;
			buildSettings = {
				ALWAYS_SEARCH_USER_PATHS = NO;
				CLANG_ANALYZER_NONNULL = YES;
				CLANG_WARN_DOCUMENTATION_COMMENTS = YES;
				CLANG_WARN_INFINITE_RECURSION = YES;
				CLANG_WARN_SUSPICIOUS_MOVES = YES;
				DEVELOPMENT_TEAM = C3BX32XR8J;
				INFOPLIST_FILE = YoutubeAppUITests/Info.plist;
				LD_RUNPATH_SEARCH_PATHS = "$(inherited) @executable_path/Frameworks @loader_path/Frameworks";
				PRODUCT_BUNDLE_IDENTIFIER = pranav.kasetti.YoutubeAppUITests;
				PRODUCT_NAME = "$(TARGET_NAME)";
				SWIFT_OPTIMIZATION_LEVEL = "-Owholemodule";
				SWIFT_VERSION = 3.0;
				TEST_TARGET_NAME = YoutubeApp;
			};
			name = Release;
		};
		4E72B8631C58230B004592E7 /* Debug */ = {
			isa = XCBuildConfiguration;
			buildSettings = {
				ALWAYS_SEARCH_USER_PATHS = YES;
				CLANG_ALLOW_NON_MODULAR_INCLUDES_IN_FRAMEWORK_MODULES = YES;
				CLANG_ANALYZER_LOCALIZABILITY_NONLOCALIZED = YES;
				CLANG_CXX_LANGUAGE_STANDARD = "gnu++0x";
				CLANG_CXX_LIBRARY = "libc++";
				CLANG_ENABLE_MODULES = YES;
				CLANG_ENABLE_OBJC_ARC = YES;
				CLANG_WARN_BOOL_CONVERSION = YES;
				CLANG_WARN_CONSTANT_CONVERSION = YES;
				CLANG_WARN_DIRECT_OBJC_ISA_USAGE = YES_ERROR;
				CLANG_WARN_EMPTY_BODY = YES;
				CLANG_WARN_ENUM_CONVERSION = YES;
				CLANG_WARN_INFINITE_RECURSION = YES;
				CLANG_WARN_INT_CONVERSION = YES;
				CLANG_WARN_OBJC_ROOT_CLASS = YES_ERROR;
				CLANG_WARN_SUSPICIOUS_MOVE = YES;
				CLANG_WARN_UNREACHABLE_CODE = YES;
				CLANG_WARN__DUPLICATE_METHOD_MATCH = YES;
				"CODE_SIGN_IDENTITY[sdk=iphoneos*]" = "iPhone Developer";
				COPY_PHASE_STRIP = NO;
				DEBUG_INFORMATION_FORMAT = dwarf;
				ENABLE_STRICT_OBJC_MSGSEND = YES;
				ENABLE_TESTABILITY = YES;
				GCC_C_LANGUAGE_STANDARD = gnu99;
				GCC_DYNAMIC_NO_PIC = NO;
				GCC_NO_COMMON_BLOCKS = YES;
				GCC_OPTIMIZATION_LEVEL = 0;
				GCC_PREPROCESSOR_DEFINITIONS = (
					"DEBUG=1",
					"$(inherited)",
				);
				GCC_WARN_64_TO_32_BIT_CONVERSION = YES;
				GCC_WARN_ABOUT_RETURN_TYPE = YES_ERROR;
				GCC_WARN_UNDECLARED_SELECTOR = YES;
				GCC_WARN_UNINITIALIZED_AUTOS = YES_AGGRESSIVE;
				GCC_WARN_UNUSED_FUNCTION = YES;
				GCC_WARN_UNUSED_VARIABLE = YES;
				IPHONEOS_DEPLOYMENT_TARGET = 9.0;
				MTL_ENABLE_DEBUG_INFO = YES;
				ONLY_ACTIVE_ARCH = YES;
				"OTHER_LDFLAGS[arch=*]" = "-lc++";
				SDKROOT = iphoneos;
				SWIFT_OPTIMIZATION_LEVEL = "-Onone";
				"USER_HEADER_SEARCH_PATHS[arch=*]" = "$(SRCROOT)";
			};
			name = Debug;
		};
		4E72B8641C58230B004592E7 /* Release */ = {
			isa = XCBuildConfiguration;
			buildSettings = {
				ALWAYS_SEARCH_USER_PATHS = YES;
				CLANG_ALLOW_NON_MODULAR_INCLUDES_IN_FRAMEWORK_MODULES = YES;
				CLANG_ANALYZER_LOCALIZABILITY_NONLOCALIZED = YES;
				CLANG_CXX_LANGUAGE_STANDARD = "gnu++0x";
				CLANG_CXX_LIBRARY = "libc++";
				CLANG_ENABLE_MODULES = YES;
				CLANG_ENABLE_OBJC_ARC = YES;
				CLANG_WARN_BOOL_CONVERSION = YES;
				CLANG_WARN_CONSTANT_CONVERSION = YES;
				CLANG_WARN_DIRECT_OBJC_ISA_USAGE = YES_ERROR;
				CLANG_WARN_EMPTY_BODY = YES;
				CLANG_WARN_ENUM_CONVERSION = YES;
				CLANG_WARN_INFINITE_RECURSION = YES;
				CLANG_WARN_INT_CONVERSION = YES;
				CLANG_WARN_OBJC_ROOT_CLASS = YES_ERROR;
				CLANG_WARN_SUSPICIOUS_MOVE = YES;
				CLANG_WARN_UNREACHABLE_CODE = YES;
				CLANG_WARN__DUPLICATE_METHOD_MATCH = YES;
				"CODE_SIGN_IDENTITY[sdk=iphoneos*]" = "iPhone Developer";
				COPY_PHASE_STRIP = NO;
				DEBUG_INFORMATION_FORMAT = "dwarf-with-dsym";
				ENABLE_NS_ASSERTIONS = NO;
				ENABLE_STRICT_OBJC_MSGSEND = YES;
				GCC_C_LANGUAGE_STANDARD = gnu99;
				GCC_NO_COMMON_BLOCKS = YES;
				GCC_WARN_64_TO_32_BIT_CONVERSION = YES;
				GCC_WARN_ABOUT_RETURN_TYPE = YES_ERROR;
				GCC_WARN_UNDECLARED_SELECTOR = YES;
				GCC_WARN_UNINITIALIZED_AUTOS = YES_AGGRESSIVE;
				GCC_WARN_UNUSED_FUNCTION = YES;
				GCC_WARN_UNUSED_VARIABLE = YES;
				IPHONEOS_DEPLOYMENT_TARGET = 9.0;
				MTL_ENABLE_DEBUG_INFO = NO;
				"OTHER_LDFLAGS[arch=*]" = "-lc++";
				SDKROOT = iphoneos;
				SWIFT_OPTIMIZATION_LEVEL = "-Owholemodule";
				"USER_HEADER_SEARCH_PATHS[arch=*]" = "$(SRCROOT)";
				VALIDATE_PRODUCT = YES;
			};
			name = Release;
		};
		4E72B8661C58230B004592E7 /* Debug */ = {
			isa = XCBuildConfiguration;
			baseConfigurationReference = 566F074387311FAF7E3AB17F /* Pods-YoutubeApp.debug.xcconfig */;
			buildSettings = {
				ALWAYS_EMBED_SWIFT_STANDARD_LIBRARIES = YES;
				ALWAYS_SEARCH_USER_PATHS = NO;
				ASSETCATALOG_COMPILER_APPICON_NAME = AppIcon;
				CLANG_ALLOW_NON_MODULAR_INCLUDES_IN_FRAMEWORK_MODULES = YES;
				CLANG_ENABLE_MODULES = YES;
				CODE_SIGN_IDENTITY = "";
				"CODE_SIGN_IDENTITY[sdk=iphoneos*]" = "iPhone Developer";
				DEBUG_INFORMATION_FORMAT = "dwarf-with-dsym";
				DEVELOPMENT_TEAM = C3BX32XR8J;
				FRAMEWORK_SEARCH_PATHS = (
					"$(inherited)",
					"$(PROJECT_DIR)",
				);
				INFOPLIST_FILE = YoutubeApp/Info.plist;
				IPHONEOS_DEPLOYMENT_TARGET = 9.0;
				LD_RUNPATH_SEARCH_PATHS = "$(inherited) @executable_path/Frameworks";
				"LIBRARY_SEARCH_PATHS[arch=*]" = "";
				OTHER_LDFLAGS = "$(inherited)";
				"OTHER_LDFLAGS[arch=*]" = (
					"$(inherited)",
					"-ObjC",
					"-framework",
					"\"AVFoundation\"",
					"-framework",
					"\"Accounts\"",
					"-framework",
					"\"Alamofire\"",
					"-framework",
					"\"AlamofireObjectMapper\"",
					"-framework",
					"\"CoreData\"",
					"-framework",
					"\"CoreGraphics\"",
					"-framework",
					"\"CoreMedia\"",
					"-framework",
					"\"CoreText\"",
					"-framework",
					"\"Fabric\"",
					"-framework",
					"\"Flurry_iOS_SDK\"",
					"-framework",
					"\"Foundation\"",
					"-framework",
					"\"GTMOAuth2\"",
					"-framework",
					"\"GTMSessionFetcher\"",
					"-framework",
					"\"GoogleAPIClientForREST\"",
					"-framework",
					"\"Koloda\"",
					"-framework",
					"\"NVActivityIndicatorView\"",
					"-framework",
					"\"ObjectMapper\"",
					"-framework",
					"\"PEGKit\"",
					"-framework",
					"\"QuartzCore\"",
					"-framework",
					"\"ReachabilitySwift\"",
					"-framework",
					"\"Security\"",
					"-framework",
					"\"Social\"",
					"-framework",
					"\"StatefulViewController\"",
					"-framework",
					"\"TwitterCore\"",
					"-framework",
					"\"TwitterKit\"",
					"-framework",
					"\"UIKit\"",
					"-framework",
					"\"pop\"",
				);
				PRODUCT_BUNDLE_IDENTIFIER = pranav.kasetti.YoutubeApp;
				PRODUCT_NAME = "$(TARGET_NAME)";
				PROVISIONING_PROFILE = "";
				PROVISIONING_PROFILE_SPECIFIER = "";
				SWIFT_OBJC_BRIDGING_HEADER = "YoutubeApp/YoutubeApp-Bridging-Header.h";
				"SWIFT_OBJC_BRIDGING_HEADER[arch=*]" = "YoutubeApp/YoutubeApp-Bridging-Header.h";
				SWIFT_OPTIMIZATION_LEVEL = "-Onone";
				SWIFT_VERSION = 3.0;
				TARGETED_DEVICE_FAMILY = "1,2";
			};
			name = Debug;
		};
		4E72B8671C58230B004592E7 /* Release */ = {
			isa = XCBuildConfiguration;
			baseConfigurationReference = 110906C6BF1B24CFE64C2637 /* Pods-YoutubeApp.release.xcconfig */;
			buildSettings = {
				ALWAYS_EMBED_SWIFT_STANDARD_LIBRARIES = YES;
				ALWAYS_SEARCH_USER_PATHS = NO;
				ASSETCATALOG_COMPILER_APPICON_NAME = AppIcon;
				CLANG_ALLOW_NON_MODULAR_INCLUDES_IN_FRAMEWORK_MODULES = YES;
				CLANG_ENABLE_MODULES = YES;
				CODE_SIGN_IDENTITY = "";
				"CODE_SIGN_IDENTITY[sdk=iphoneos*]" = "iPhone Developer";
				DEVELOPMENT_TEAM = C3BX32XR8J;
				FRAMEWORK_SEARCH_PATHS = (
					"$(inherited)",
					"$(PROJECT_DIR)",
				);
				INFOPLIST_FILE = YoutubeApp/Info.plist;
				IPHONEOS_DEPLOYMENT_TARGET = 9.0;
				LD_RUNPATH_SEARCH_PATHS = "$(inherited) @executable_path/Frameworks";
				ONLY_ACTIVE_ARCH = YES;
				OTHER_LDFLAGS = "$(inherited)";
				PRODUCT_BUNDLE_IDENTIFIER = pranav.kasetti.YoutubeApp;
				PRODUCT_NAME = "$(TARGET_NAME)";
				PROVISIONING_PROFILE = "";
				PROVISIONING_PROFILE_SPECIFIER = "";
				SWIFT_OBJC_BRIDGING_HEADER = "YoutubeApp/YoutubeApp-Bridging-Header.h";
				"SWIFT_OBJC_BRIDGING_HEADER[arch=*]" = "YoutubeApp/YoutubeApp-Bridging-Header.h";
				SWIFT_VERSION = 3.0;
				TARGETED_DEVICE_FAMILY = "1,2";
			};
			name = Release;
		};
		4EB2DD5E1D92C30A00F020C1 /* Debug */ = {
			isa = XCBuildConfiguration;
			baseConfigurationReference = CD3BCF8576FB3C547DA7E860 /* Pods-YoutubeAppTests.debug.xcconfig */;
			buildSettings = {
				ALWAYS_EMBED_SWIFT_STANDARD_LIBRARIES = YES;
				ALWAYS_SEARCH_USER_PATHS = NO;
				BUNDLE_LOADER = "$(TEST_HOST)";
				CLANG_ANALYZER_NONNULL = YES;
				CLANG_WARN_DOCUMENTATION_COMMENTS = YES;
				CLANG_WARN_INFINITE_RECURSION = YES;
				CLANG_WARN_SUSPICIOUS_MOVES = YES;
				DEVELOPMENT_TEAM = C3BX32XR8J;
				INFOPLIST_FILE = YoutubeAppTests/Info.plist;
				IPHONEOS_DEPLOYMENT_TARGET = 10.0;
				LD_RUNPATH_SEARCH_PATHS = "$(inherited) @executable_path/Frameworks @loader_path/Frameworks";
				PRODUCT_BUNDLE_IDENTIFIER = pranav.kasetti.YoutubeAppTests;
				PRODUCT_NAME = "$(TARGET_NAME)";
				SWIFT_ACTIVE_COMPILATION_CONDITIONS = DEBUG;
				SWIFT_VERSION = 3.0;
				TEST_HOST = "$(BUILT_PRODUCTS_DIR)/YoutubeApp.app/YoutubeApp";
			};
			name = Debug;
		};
		4EB2DD5F1D92C30A00F020C1 /* Release */ = {
			isa = XCBuildConfiguration;
			baseConfigurationReference = 42C881016821534CDDFED871 /* Pods-YoutubeAppTests.release.xcconfig */;
			buildSettings = {
				ALWAYS_EMBED_SWIFT_STANDARD_LIBRARIES = YES;
				ALWAYS_SEARCH_USER_PATHS = NO;
				BUNDLE_LOADER = "$(TEST_HOST)";
				CLANG_ANALYZER_NONNULL = YES;
				CLANG_WARN_DOCUMENTATION_COMMENTS = YES;
				CLANG_WARN_INFINITE_RECURSION = YES;
				CLANG_WARN_SUSPICIOUS_MOVES = YES;
				DEVELOPMENT_TEAM = C3BX32XR8J;
				INFOPLIST_FILE = YoutubeAppTests/Info.plist;
				IPHONEOS_DEPLOYMENT_TARGET = 10.0;
				LD_RUNPATH_SEARCH_PATHS = "$(inherited) @executable_path/Frameworks @loader_path/Frameworks";
				PRODUCT_BUNDLE_IDENTIFIER = pranav.kasetti.YoutubeAppTests;
				PRODUCT_NAME = "$(TARGET_NAME)";
				SWIFT_OPTIMIZATION_LEVEL = "-Owholemodule";
				SWIFT_VERSION = 3.0;
				TEST_HOST = "$(BUILT_PRODUCTS_DIR)/YoutubeApp.app/YoutubeApp";
			};
			name = Release;
		};
/* End XCBuildConfiguration section */

/* Begin XCConfigurationList section */
		4E0E90ED1D9ADDE2000B24EF /* Build configuration list for PBXNativeTarget "YoutubeAppUITests" */ = {
			isa = XCConfigurationList;
			buildConfigurations = (
				4E0E90EE1D9ADDE2000B24EF /* Debug */,
				4E0E90EF1D9ADDE2000B24EF /* Release */,
			);
			defaultConfigurationIsVisible = 0;
			defaultConfigurationName = Release;
		};
		4E72B84E1C58230A004592E7 /* Build configuration list for PBXProject "YoutubeApp" */ = {
			isa = XCConfigurationList;
			buildConfigurations = (
				4E72B8631C58230B004592E7 /* Debug */,
				4E72B8641C58230B004592E7 /* Release */,
			);
			defaultConfigurationIsVisible = 0;
			defaultConfigurationName = Release;
		};
		4E72B8651C58230B004592E7 /* Build configuration list for PBXNativeTarget "YoutubeApp" */ = {
			isa = XCConfigurationList;
			buildConfigurations = (
				4E72B8661C58230B004592E7 /* Debug */,
				4E72B8671C58230B004592E7 /* Release */,
			);
			defaultConfigurationIsVisible = 0;
			defaultConfigurationName = Release;
		};
		4EB2DD601D92C30A00F020C1 /* Build configuration list for PBXNativeTarget "YoutubeAppTests" */ = {
			isa = XCConfigurationList;
			buildConfigurations = (
				4EB2DD5E1D92C30A00F020C1 /* Debug */,
				4EB2DD5F1D92C30A00F020C1 /* Release */,
			);
			defaultConfigurationIsVisible = 0;
			defaultConfigurationName = Release;
		};
/* End XCConfigurationList section */
	};
	rootObject = 4E72B84B1C58230A004592E7 /* Project object */;
}
