PODS:
  - Alamofire (3.4.0)
  - AlamofireObjectMapper (3.0.0):
    - Alamofire (~> 3.2)
    - ObjectMapper (~> 1.0)
  - Kanna (1.0.6)
  - Koloda (2.0.10):
    - pop (~> 1.0)
  - ObjectMapper (1.3.0)
  - pop (1.0.9)

DEPENDENCIES:
  - Alamofire (~> 3.0)
  - AlamofireObjectMapper (~> 3.0)
  - Kanna (~> 1.0.0)
  - Koloda (~> 2.0.10)

SPEC CHECKSUMS:
  Alamofire: c19a627cefd6a95f840401c49ab1f124e07f54ee
  AlamofireObjectMapper: 2d16585d06177be0116d76de73497e77437798af
  Kanna: 9f30945bbd293a609f698ea164687ccc0990ff60
  Koloda: 10f747feeff5e425061f78e5ce17208783e34a99
  ObjectMapper: 4eb08a726e9791a93b2632049951b56a7c17e471
  pop: f667631a5108a2e60d9e8797c9b32ddaf2080bce

PODFILE CHECKSUM: 76a16b47725d56f472f08b5b1729c2d4a66aa962

COCOAPODS: 1.0.0
